// !$*UTF8*$!
{
	archiveVersion = 1;
	classes = {
	};
	objectVersion = 46;
	objects = {
/* Begin PBXBuildFile section */
		005877AC9AC741DFA3109CD0 /* FirebaseCore.framework in Frameworks */ = {isa = PBXBuildFile; fileRef = 6A151B7FBB8B4046B64CCBFE /* FirebaseCore.framework */; };
		00F8FC22A1B64FE194561B9E /* MessageUI.framework in Frameworks */ = {isa = PBXBuildFile; fileRef = F07A62F624444454966A4783 /* MessageUI.framework */; };
		01077AD1920647D5B7D6EB0C /* NativeSettings.m in Sources */ = {isa = PBXBuildFile; fileRef = 4A02BBDC31874848BA29F238 /* NativeSettings.m */; };
		0207DA581B56EA530066E2B4 /* Images.xcassets in Resources */ = {isa = PBXBuildFile; fileRef = 0207DA571B56EA530066E2B4 /* Images.xcassets */; };
		02EAB620C9954C08B3E19677 /* APPBadge.m in Sources */ = {isa = PBXBuildFile; fileRef = 4363F907D76D43049DEC5B82 /* APPBadge.m */; };
		09A86F9AA121410E933AC290 /* EventKit.framework in Frameworks */ = {isa = PBXBuildFile; fileRef = 55FB7C068CA04CB49F57A94E /* EventKit.framework */; };
		0E63B497CECA44869F981EED /* Contacts.framework in Frameworks */ = {isa = PBXBuildFile; fileRef = 7B948C54C02A48AFBA1FCE33 /* Contacts.framework */; };
		1224AFBC8E004C818D0D0DA1 /* Protobuf.framework in Frameworks */ = {isa = PBXBuildFile; fileRef = F11F2755492D4B659CD63271 /* Protobuf.framework */; };
		1239C06E61D64A6E9FCCC8F9 /* CDVSplashScreen.m in Sources */ = {isa = PBXBuildFile; fileRef = F6A67A97A2934A8B9AE19792 /* CDVSplashScreen.m */; };
		127B66DFC0ED475EBA4B0953 /* CoreLocation.framework in Frameworks */ = {isa = PBXBuildFile; fileRef = 6B44171BD0194867959B90CD /* CoreLocation.framework */; };
		1300357484C44B128AC37169 /* Toast.m in Sources */ = {isa = PBXBuildFile; fileRef = 096F6BDB11354785ADFEE2B3 /* Toast.m */; };
		1CC870FC5DDA40CD8E79B48D /* FirebaseMessaging.framework in Frameworks */ = {isa = PBXBuildFile; fileRef = 34E795308CBD4283BBA79CC8 /* FirebaseMessaging.framework */; };
		1D3623260D0F684500981E51 /* AppDelegate.m in Sources */ = {isa = PBXBuildFile; fileRef = 1D3623250D0F684500981E51 /* AppDelegate.m */; };
		1D60589B0D05DD56006BFB54 /* main.m in Sources */ = {isa = PBXBuildFile; fileRef = 29B97316FDCFA39411CA2CEA /* main.m */; };
		1D963C6A3F3E4FEC90143893 /* ImageIO.framework in Frameworks */ = {isa = PBXBuildFile; fileRef = BAF746202F084D39A7381992 /* ImageIO.framework */; settings = {ATTRIBUTES = (Weak, ); }; };
		21F7198A60FD48B79537FBFB /* Overlay@2x.png in Resources */ = {isa = PBXBuildFile; fileRef = 6C88EE32CD20464689A4956E /* Overlay@2x.png */; };
		24C83626CB9B42E0808798E2 /* AFURLResponseSerialization.m in Sources */ = {isa = PBXBuildFile; fileRef = 807A4CFF2488495FBCE47D71 /* AFURLResponseSerialization.m */; };
		277B57B1B17E41AC9441AEEC /* Launcher.m in Sources */ = {isa = PBXBuildFile; fileRef = 61EC3050951541F1A4AF1015 /* Launcher.m */; };
		301BF552109A68D80062928A /* libCordova.a in Frameworks */ = {isa = PBXBuildFile; fileRef = 301BF535109A57CC0062928A /* libCordova.a */; };
		302D95F114D2391D003F00A1 /* MainViewController.m in Sources */ = {isa = PBXBuildFile; fileRef = 302D95EF14D2391D003F00A1 /* MainViewController.m */; };
		302D95F214D2391D003F00A1 /* MainViewController.xib in Resources */ = {isa = PBXBuildFile; fileRef = 302D95F014D2391D003F00A1 /* MainViewController.xib */; };
		3047A5121AB8059700498E2A /* build-debug.xcconfig in Resources */ = {isa = PBXBuildFile; fileRef = 3047A50F1AB8059700498E2A /* build-debug.xcconfig */; };
		3047A5131AB8059700498E2A /* build-release.xcconfig in Resources */ = {isa = PBXBuildFile; fileRef = 3047A5101AB8059700498E2A /* build-release.xcconfig */; };
		3047A5141AB8059700498E2A /* build.xcconfig in Resources */ = {isa = PBXBuildFile; fileRef = 3047A5111AB8059700498E2A /* build.xcconfig */; };
		316A61891A0A4E5ABAE43433 /* CoreBluetooth.framework in Frameworks */ = {isa = PBXBuildFile; fileRef = CC1B0A4F42284088BF55EB0D /* CoreBluetooth.framework */; };
		32103B04A0474B1CACD9B36A /* ELCAlbumPickerController.xib in Resources */ = {isa = PBXBuildFile; fileRef = F3806CF5924640D493E9B104 /* ELCAlbumPickerController.xib */; };
		33206A92CB554FEA9B718088 /* CDVDevice.m in Sources */ = {isa = PBXBuildFile; fileRef = 9F193FD2577D4AEA96E8C820 /* CDVDevice.m */; };
		3A2A2EEF161145CBA2BF772A /* SystemConfiguration.framework in Frameworks */ = {isa = PBXBuildFile; fileRef = DC4AB431BFA24376B9A464FE /* SystemConfiguration.framework */; };
		3AE59CF96F024A2B82964DCF /* ELCAssetTablePicker.xib in Resources */ = {isa = PBXBuildFile; fileRef = 2403E4568F424A069DFC62AA /* ELCAssetTablePicker.xib */; };
		3B8D9F8A8D6F4AAB88A56047 /* AudioToolbox.framework in Frameworks */ = {isa = PBXBuildFile; fileRef = 8ADF4FEB49274B2EBC96B262 /* AudioToolbox.framework */; };
		3C223DBC39E94BF788B75A26 /* ELCAssetPicker.xib in Resources */ = {isa = PBXBuildFile; fileRef = D74EA97A5D9F49B792B37238 /* ELCAssetPicker.xib */; };
		412F37CB943A4A93941FD1EF /* FirebaseAnalytics.framework in Frameworks */ = {isa = PBXBuildFile; fileRef = 4F3FCF90C9A64754B1F98865 /* FirebaseAnalytics.framework */; };
		4303172DFB4C4791AF97B777 /* CDVLogger.m in Sources */ = {isa = PBXBuildFile; fileRef = EF571B476B774ACCBBA4D588 /* CDVLogger.m */; };
		44169F13A224454E81E9889A /* Diagnostic.m in Sources */ = {isa = PBXBuildFile; fileRef = 47A797F3731F4935B0176F49 /* Diagnostic.m */; };
		4ADABDEF46E6443FA69EE66A /* Security.framework in Frameworks */ = {isa = PBXBuildFile; fileRef = 163A743F31C64819BE10ED3E /* Security.framework */; };
		4BAE3D7653D9499EB4BD6162 /* LocalAuthentication.framework in Frameworks */ = {isa = PBXBuildFile; fileRef = F22587A98C1B468895A65361 /* LocalAuthentication.framework */; };
		4D037336483A4BE5AB06F19E /* Overlay.png in Resources */ = {isa = PBXBuildFile; fileRef = E1AA700FDF934E5796A86C67 /* Overlay.png */; };
		5163232F9B6C46F38642B4DB /* CoreMotion.framework in Frameworks */ = {isa = PBXBuildFile; fileRef = AE2DFDDB730042FC84EC2CFC /* CoreMotion.framework */; };
		51E105085D8E446895C5AF2D /* GoogleToolboxForMac.framework in Frameworks */ = {isa = PBXBuildFile; fileRef = 21DFB4AD2D644C34843FB40F /* GoogleToolboxForMac.framework */; };
		524080A5403449B485E1FBC9 /* CDVClipboard.m in Sources */ = {isa = PBXBuildFile; fileRef = C5FE2B1951A640CC9619A7F6 /* CDVClipboard.m */; };
		527C9408809B4BEB94C03CFD /* AppDelegate+FirebasePlugin.m in Sources */ = {isa = PBXBuildFile; fileRef = 42116CC258744863AEFA65EF /* AppDelegate+FirebasePlugin.m */; };
		53F263FB1C45415982AB2C50 /* zxing-all-in-one.cpp in Sources */ = {isa = PBXBuildFile; fileRef = D4FA4DF6C28140C2879786B7 /* zxing-all-in-one.cpp */; };
		5BB914F6BF59492AB99B4819 /* APPEmailComposerImpl.m in Sources */ = {isa = PBXBuildFile; fileRef = 366F256A35A64DE9845039B1 /* APPEmailComposerImpl.m */; };
		621DA6EC56EF44AD8E2A5B75 /* Toast+UIView.m in Sources */ = {isa = PBXBuildFile; fileRef = BD3EB950973B45FCB319D0B5 /* Toast+UIView.m */; };
		631B63BBF0F042F18632955B /* FirebaseCrash.framework in Frameworks */ = {isa = PBXBuildFile; fileRef = 3C184F36945C448FA7247AC3 /* FirebaseCrash.framework */; };
		6388D75C6FBD4EC390D8E973 /* QuartzCore.framework in Frameworks */ = {isa = PBXBuildFile; fileRef = 00987AA8C0D84BD3A502B68C /* QuartzCore.framework */; };
		682679C2934848A988DAC535 /* CoreImage.framework in Frameworks */ = {isa = PBXBuildFile; fileRef = A51D2901E2E44E0BB0A5038F /* CoreImage.framework */; };
		6AA0A86EC2BF4EAA85B668D1 /* ELCAssetTablePicker.m in Sources */ = {isa = PBXBuildFile; fileRef = 33DFD97384694A5BACF747D7 /* ELCAssetTablePicker.m */; };
		6B5ABF3A68F442919B87E3CC /* AFSecurityPolicy.m in Sources */ = {isa = PBXBuildFile; fileRef = DD87CF8E25E4405D918CC36C /* AFSecurityPolicy.m */; };
		7123B6480357497DAC108075 /* AVFoundation.framework in Frameworks */ = {isa = PBXBuildFile; fileRef = CCA36FA5BB154A1B9EC9731F /* AVFoundation.framework */; };
		71E57B40858D44DDB2EEC73E /* AFHTTPSessionManager.m in Sources */ = {isa = PBXBuildFile; fileRef = D0C15255D37141F68A76D165 /* AFHTTPSessionManager.m */; };
		72078426A241429DB09A62DD /* ELCAsset.m in Sources */ = {isa = PBXBuildFile; fileRef = C3DBD8A0F750458ABCB3F399 /* ELCAsset.m */; };
		7DF47148F2BC465387D49B42 /* CDVLocation.m in Sources */ = {isa = PBXBuildFile; fileRef = 6B3EB2FE88D24C8389AC68A1 /* CDVLocation.m */; };
		7E4A947A4FB047F9BEC66B05 /* FirebaseInstanceID.framework in Frameworks */ = {isa = PBXBuildFile; fileRef = BFEE4CCF14F44EA287E3146A /* FirebaseInstanceID.framework */; };
		7ED8D55524004760AA0D3B45 /* AppAvailability.m in Sources */ = {isa = PBXBuildFile; fileRef = E6236B2381F546C59D1F86D6 /* AppAvailability.m */; };
		845ABA4388D644C0A6EAE116 /* CDVCamera.m in Sources */ = {isa = PBXBuildFile; fileRef = 7A7FA359B351457DB45C45B1 /* CDVCamera.m */; };
		85BF841799B24C7BB783314A /* CDVFile.m in Sources */ = {isa = PBXBuildFile; fileRef = E194B01B01F844998B3A2398 /* CDVFile.m */; };
		899B9C9B1CE04E5A970B645E /* GTMSessionFetcher.framework in Frameworks */ = {isa = PBXBuildFile; fileRef = 2133BB0CCD61455F9C3969FF /* GTMSessionFetcher.framework */; };
		8CAECD075CD94CC59E564662 /* APPEmailComposer.m in Sources */ = {isa = PBXBuildFile; fileRef = E39806DBD456403A84B81885 /* APPEmailComposer.m */; };
		96EEAC89E5874E57B964F1A8 /* scannerOverlay.xib in Resources */ = {isa = PBXBuildFile; fileRef = 57385B208FF84E6D820CD615 /* scannerOverlay.xib */; };
		971B2D9C37B64EC1AF23A931 /* CoreVideo.framework in Frameworks */ = {isa = PBXBuildFile; fileRef = AC7DB61F5FCF4FB99D67D9E9 /* CoreVideo.framework */; };
		9ABE9B3912F14CD0BBE333BB /* CDVJpegHeaderWriter.m in Sources */ = {isa = PBXBuildFile; fileRef = 9F91F2924DF44280B3B8A79F /* CDVJpegHeaderWriter.m */; };
		9B5888E0C2044FE3A7C58B0C /* FirebasePlugin.m in Sources */ = {isa = PBXBuildFile; fileRef = 56BB947CCB5C40B8AE6DD189 /* FirebasePlugin.m */; };
		9DCD132D93544E3E8CEF1D45 /* FirebaseAuth.framework in Frameworks */ = {isa = PBXBuildFile; fileRef = 25EBACDE169C4086AB8BC1FF /* FirebaseAuth.framework */; };
		9E0777122F814769877089B1 /* CDVVibration.m in Sources */ = {isa = PBXBuildFile; fileRef = 1FCA95A1451E4552940F44FF /* CDVVibration.m */; };
		9F3EA0D326CA445FB4BA48E3 /* FirebaseCoreDiagnostics.framework in Frameworks */ = {isa = PBXBuildFile; fileRef = FACF1BB173E941A28C34F73E /* FirebaseCoreDiagnostics.framework */; };
		A5BDF70BA15844F281E470DB /* ELCAssetCell.m in Sources */ = {isa = PBXBuildFile; fileRef = 6C7F0D42F7284FEFB5CB109D /* ELCAssetCell.m */; };
		ADDBA1C456034536B11827F4 /* CDVNotification.m in Sources */ = {isa = PBXBuildFile; fileRef = F966933B926A4F499315F613 /* CDVNotification.m */; };
		AFD1727EE3884F1DA35BE4CE /* CDVStatusBar.m in Sources */ = {isa = PBXBuildFile; fileRef = 4413C967A78D4CE39DB0E3A6 /* CDVStatusBar.m */; };
		B582004CDEC34BF68B690F73 /* IonicKeyboard.m in Sources */ = {isa = PBXBuildFile; fileRef = 26E0AFFBEE3D4660A9924026 /* IonicKeyboard.m */; };
		BB0CF339FB1A47B6BAC268A9 /* FirebaseRemoteConfig.framework in Frameworks */ = {isa = PBXBuildFile; fileRef = 95CF5D7A1C7C48C9AE0B4403 /* FirebaseRemoteConfig.framework */; };
		BE914BB46D4D491C852F8F2A /* CDVBarcodeScanner.mm in Sources */ = {isa = PBXBuildFile; fileRef = EE79B72080894F75838B8A8A /* CDVBarcodeScanner.mm */; settings = {COMPILER_FLAGS = "-fno-objc-arc"; }; };
		BF461FCE62184F7C8C3FC38C /* UserNotifications.framework in Frameworks */ = {isa = PBXBuildFile; fileRef = 54B6B74BC59E405B8CBBC661 /* UserNotifications.framework */; };
		C09488A7F1D54816B041C9D2 /* CDVViewController+SplashScreen.m in Sources */ = {isa = PBXBuildFile; fileRef = D3786A1CA47245A8B7572765 /* CDVViewController+SplashScreen.m */; };
		C0EC42F1D67D45029054C675 /* CDVAssetLibraryFilesystem.m in Sources */ = {isa = PBXBuildFile; fileRef = 9E581234E1AC4626B6510663 /* CDVAssetLibraryFilesystem.m */; };
		C577C5A8424642E39F0B6082 /* FileOpener2.m in Sources */ = {isa = PBXBuildFile; fileRef = 0EECFF6D0A0E45A7A99CBFA3 /* FileOpener2.m */; };
		C9F47B43F34944939DCF8FFD /* CDVInAppBrowser.m in Sources */ = {isa = PBXBuildFile; fileRef = 0ED751E2BC0A4BBEB816B40F /* CDVInAppBrowser.m */; };
		CA8694E256F948BEB3B15C78 /* SaveImage.m in Sources */ = {isa = PBXBuildFile; fileRef = 2546BF9CAD6F4628B40A1F85 /* SaveImage.m */; settings = {COMPILER_FLAGS = "-fno-objc-arc"; }; };
		CBBE921E40124C9EBD8460CE /* CDVFileTransfer.m in Sources */ = {isa = PBXBuildFile; fileRef = D139FD3029274906B1B2389C /* CDVFileTransfer.m */; };
		CBBF104C7B2E40A4953D8A41 /* SOSPicker.m in Sources */ = {isa = PBXBuildFile; fileRef = EDEF21603A8E4BF8881B1B56 /* SOSPicker.m */; };
		D00FEC13953C43AEB3E9E590 /* CordovaHttpPlugin.m in Sources */ = {isa = PBXBuildFile; fileRef = D51CADD3BEED43BD9C2501D1 /* CordovaHttpPlugin.m */; };
		D55279C545B64D768D295908 /* FirebaseNanoPB.framework in Frameworks */ = {isa = PBXBuildFile; fileRef = 769132BC3640436D8ED4F2B6 /* FirebaseNanoPB.framework */; };
		DE690B6EB11E41128A53732D /* AFNetworkReachabilityManager.m in Sources */ = {isa = PBXBuildFile; fileRef = 3F7C9C7DC84C435393DBA4EC /* AFNetworkReachabilityManager.m */; };
		DF3FCBA3B5954A63BFD5F45F /* AddressBook.framework in Frameworks */ = {isa = PBXBuildFile; fileRef = FDB44423902C45E19582DC85 /* AddressBook.framework */; };
		E151BE918121438FA7DDC57B /* GoogleService-Info.plist in Resources */ = {isa = PBXBuildFile; fileRef = 40AA42ABE7CC4336A39D5620 /* GoogleService-Info.plist */; };
		E1954DF00B0E46368F3891BD /* ELCImagePickerController.m in Sources */ = {isa = PBXBuildFile; fileRef = 3BA778E618004F00A01086E9 /* ELCImagePickerController.m */; };
		E35058191A694BB9B7F12815 /* UIImage+CropScaleOrientation.m in Sources */ = {isa = PBXBuildFile; fileRef = 9B3C8E49713A4BA9BD85FC77 /* UIImage+CropScaleOrientation.m */; };
		E58C4676D040476FBF7F2FFB /* AFURLRequestSerialization.m in Sources */ = {isa = PBXBuildFile; fileRef = 1F1C9B38844349FE99ACEAF0 /* AFURLRequestSerialization.m */; };
		E6ED60E0AC554F1B9F881C6B /* libiconv.dylib in Frameworks */ = {isa = PBXBuildFile; fileRef = 66DA4CE0B98948FE8AF6FD9A /* libiconv.dylib */; };
		EF689BB940464560BAF08D6F /* AppVersion.m in Sources */ = {isa = PBXBuildFile; fileRef = 46F18F6C4BAA492EA54876F0 /* AppVersion.m */; };
		F17C635BF16F406BB441FF85 /* ELCAlbumPickerController.m in Sources */ = {isa = PBXBuildFile; fileRef = DA183BFDEAE64AA0824969F0 /* ELCAlbumPickerController.m */; };
		F55DCB823BC64B0CA95CE00A /* Photos.framework in Frameworks */ = {isa = PBXBuildFile; fileRef = 7A299A4004C6438F98B0EA0F /* Photos.framework */; };
		F7164F085F9C4A02BDB6F462 /* AFURLSessionManager.m in Sources */ = {isa = PBXBuildFile; fileRef = A52978F187D3490BA73F4A32 /* AFURLSessionManager.m */; };
		FAC38D05518D4ED7A046D194 /* CDVLocalFilesystem.m in Sources */ = {isa = PBXBuildFile; fileRef = C8E89F26F9614D519BB18F8B /* CDVLocalFilesystem.m */; };
		FAD34CDEFB104EFD81C8EBC2 /* CDVNotification.bundle in Resources */ = {isa = PBXBuildFile; fileRef = 138A82B29E7045CCBFE0BC0C /* CDVNotification.bundle */; };
		FB145393817B4780867A488F /* TouchID.m in Sources */ = {isa = PBXBuildFile; fileRef = 4308787B8DA34BEF84C1FB81 /* TouchID.m */; };
		FFD638BB6EC44353803E1FF3 /* TextResponseSerializer.m in Sources */ = {isa = PBXBuildFile; fileRef = 03D38DD468A8483984966D3B /* TextResponseSerializer.m */; };
/* End PBXBuildFile section */

/* Begin PBXContainerItemProxy section */
		301BF534109A57CC0062928A /* PBXContainerItemProxy */ = {
			isa = PBXContainerItemProxy;
			containerPortal = 301BF52D109A57CC0062928A /* CordovaLib.xcodeproj */;
			proxyType = 2;
			remoteGlobalIDString = D2AAC07E0554694100DB518D;
			remoteInfo = CordovaLib;
		};
		301BF550109A68C00062928A /* PBXContainerItemProxy */ = {
			isa = PBXContainerItemProxy;
			containerPortal = 301BF52D109A57CC0062928A /* CordovaLib.xcodeproj */;
			proxyType = 1;
			remoteGlobalIDString = D2AAC07D0554694100DB518D;
			remoteInfo = CordovaLib;
		};
/* End PBXContainerItemProxy section */

/* Begin PBXFileReference section */
		00987AA8C0D84BD3A502B68C /* QuartzCore.framework */ = {isa = PBXFileReference; explicitFileType = undefined; fileEncoding = 9; includeInIndex = 0; lastKnownFileType = wrapper.framework; name = QuartzCore.framework; path = System/Library/Frameworks/QuartzCore.framework; sourceTree = SDKROOT; };
		0207DA571B56EA530066E2B4 /* Images.xcassets */ = {isa = PBXFileReference; lastKnownFileType = folder.assetcatalog; name = Images.xcassets; path = PIM/Images.xcassets; sourceTree = SOURCE_ROOT; };
		03D38DD468A8483984966D3B /* TextResponseSerializer.m */ = {isa = PBXFileReference; explicitFileType = undefined; fileEncoding = 4; includeInIndex = 0; lastKnownFileType = sourcecode.c.objc; name = TextResponseSerializer.m; path = "cordova-plugin-http/TextResponseSerializer.m"; sourceTree = "<group>"; };
		05AD435ECBF64A2C80BB6805 /* APPEmailComposer.h */ = {isa = PBXFileReference; explicitFileType = undefined; fileEncoding = 4; includeInIndex = 0; lastKnownFileType = sourcecode.c.h; name = APPEmailComposer.h; path = "cordova-plugin-email-composer/APPEmailComposer.h"; sourceTree = "<group>"; };
		0697E3ACEB8D481AB377104A /* CDVFile.h */ = {isa = PBXFileReference; explicitFileType = undefined; fileEncoding = 4; includeInIndex = 0; lastKnownFileType = sourcecode.c.h; name = CDVFile.h; path = "cordova-plugin-file/CDVFile.h"; sourceTree = "<group>"; };
		0854906549384110A5E305AC /* IonicKeyboard.h */ = {isa = PBXFileReference; explicitFileType = undefined; fileEncoding = 4; includeInIndex = 0; lastKnownFileType = sourcecode.c.h; name = IonicKeyboard.h; path = "ionic-plugin-keyboard/IonicKeyboard.h"; sourceTree = "<group>"; };
		096F6BDB11354785ADFEE2B3 /* Toast.m */ = {isa = PBXFileReference; explicitFileType = undefined; fileEncoding = 4; includeInIndex = 0; lastKnownFileType = sourcecode.c.objc; name = Toast.m; path = "cordova-plugin-x-toast/Toast.m"; sourceTree = "<group>"; };
		0A7D021C8930463C8A7BB212 /* NativeSettings.h */ = {isa = PBXFileReference; explicitFileType = undefined; fileEncoding = 4; includeInIndex = 0; lastKnownFileType = sourcecode.c.h; name = NativeSettings.h; path = "cordova-open-native-settings/NativeSettings.h"; sourceTree = "<group>"; };
		0DB469D6FFE74739B6F2F5C6 /* ELCAssetTablePicker.h */ = {isa = PBXFileReference; explicitFileType = undefined; fileEncoding = 4; includeInIndex = 0; lastKnownFileType = sourcecode.c.h; name = ELCAssetTablePicker.h; path = "cordova-plugin-image-picker/ELCAssetTablePicker.h"; sourceTree = "<group>"; };
		0ED751E2BC0A4BBEB816B40F /* CDVInAppBrowser.m */ = {isa = PBXFileReference; explicitFileType = undefined; fileEncoding = 4; includeInIndex = 0; lastKnownFileType = sourcecode.c.objc; name = CDVInAppBrowser.m; path = "cordova-plugin-inappbrowser/CDVInAppBrowser.m"; sourceTree = "<group>"; };
		0EE0FB26A3414391A29B8CE0 /* CDVDevice.h */ = {isa = PBXFileReference; explicitFileType = undefined; fileEncoding = 4; includeInIndex = 0; lastKnownFileType = sourcecode.c.h; name = CDVDevice.h; path = "cordova-plugin-device/CDVDevice.h"; sourceTree = "<group>"; };
		0EECFF6D0A0E45A7A99CBFA3 /* FileOpener2.m */ = {isa = PBXFileReference; explicitFileType = undefined; fileEncoding = 4; includeInIndex = 0; lastKnownFileType = sourcecode.c.objc; name = FileOpener2.m; path = "cordova-plugin-file-opener2/FileOpener2.m"; sourceTree = "<group>"; };
		138A82B29E7045CCBFE0BC0C /* CDVNotification.bundle */ = {isa = PBXFileReference; explicitFileType = undefined; fileEncoding = 9; includeInIndex = 0; lastKnownFileType = "wrapper.plug-in"; path = CDVNotification.bundle; sourceTree = "<group>"; };
		153B0D1F2023843C009DB023 /* PIM.entitlements */ = {isa = PBXFileReference; lastKnownFileType = text.plist.entitlements; name = PIM.entitlements; path = PIM/PIM.entitlements; sourceTree = "<group>"; };
		163A743F31C64819BE10ED3E /* Security.framework */ = {isa = PBXFileReference; explicitFileType = undefined; fileEncoding = 9; includeInIndex = 0; lastKnownFileType = wrapper.framework; name = Security.framework; path = System/Library/Frameworks/Security.framework; sourceTree = SDKROOT; };
		1D3623240D0F684500981E51 /* AppDelegate.h */ = {isa = PBXFileReference; fileEncoding = 4; lastKnownFileType = sourcecode.c.h; path = AppDelegate.h; sourceTree = "<group>"; };
		1D3623250D0F684500981E51 /* AppDelegate.m */ = {isa = PBXFileReference; fileEncoding = 4; lastKnownFileType = sourcecode.c.objc; path = AppDelegate.m; sourceTree = "<group>"; };
		1D6058910D05DD3D006BFB54 /* PIM.app */ = {isa = PBXFileReference; explicitFileType = wrapper.application; includeInIndex = 0; path = PIM.app; sourceTree = BUILT_PRODUCTS_DIR; };
		1F1C9B38844349FE99ACEAF0 /* AFURLRequestSerialization.m */ = {isa = PBXFileReference; explicitFileType = undefined; fileEncoding = 4; includeInIndex = 0; lastKnownFileType = sourcecode.c.objc; name = AFURLRequestSerialization.m; path = "cordova-plugin-http/AFURLRequestSerialization.m"; sourceTree = "<group>"; };
		1FCA95A1451E4552940F44FF /* CDVVibration.m */ = {isa = PBXFileReference; explicitFileType = undefined; fileEncoding = 4; includeInIndex = 0; lastKnownFileType = sourcecode.c.objc; name = CDVVibration.m; path = "cordova-plugin-vibration/CDVVibration.m"; sourceTree = "<group>"; };
		2133BB0CCD61455F9C3969FF /* GTMSessionFetcher.framework */ = {isa = PBXFileReference; explicitFileType = undefined; fileEncoding = 9; includeInIndex = 0; lastKnownFileType = wrapper.framework; name = GTMSessionFetcher.framework; path = "PIM/Plugins/cordova-plugin-firebase/GTMSessionFetcher.framework"; sourceTree = "<group>"; };
		21DFB4AD2D644C34843FB40F /* GoogleToolboxForMac.framework */ = {isa = PBXFileReference; explicitFileType = undefined; fileEncoding = 9; includeInIndex = 0; lastKnownFileType = wrapper.framework; name = GoogleToolboxForMac.framework; path = "PIM/Plugins/cordova-plugin-firebase/GoogleToolboxForMac.framework"; sourceTree = "<group>"; };
		21F0BE20A79A4AAF8728E02F /* AFURLRequestSerialization.h */ = {isa = PBXFileReference; explicitFileType = undefined; fileEncoding = 4; includeInIndex = 0; lastKnownFileType = sourcecode.c.h; name = AFURLRequestSerialization.h; path = "cordova-plugin-http/AFURLRequestSerialization.h"; sourceTree = "<group>"; };
		2403E4568F424A069DFC62AA /* ELCAssetTablePicker.xib */ = {isa = PBXFileReference; explicitFileType = undefined; fileEncoding = 9; includeInIndex = 0; lastKnownFileType = file.xib; path = ELCAssetTablePicker.xib; sourceTree = "<group>"; };
		2546BF9CAD6F4628B40A1F85 /* SaveImage.m */ = {isa = PBXFileReference; explicitFileType = undefined; fileEncoding = 4; includeInIndex = 0; lastKnownFileType = sourcecode.c.objc; name = SaveImage.m; path = "cordova-plugin-save-image/SaveImage.m"; sourceTree = "<group>"; };
		25EBACDE169C4086AB8BC1FF /* FirebaseAuth.framework */ = {isa = PBXFileReference; explicitFileType = undefined; fileEncoding = 9; includeInIndex = 0; lastKnownFileType = wrapper.framework; name = FirebaseAuth.framework; path = "PIM/Plugins/cordova-plugin-firebase/FirebaseAuth.framework"; sourceTree = "<group>"; };
		26E0469E887743A8A22FE0AF /* APPBadge.h */ = {isa = PBXFileReference; explicitFileType = undefined; fileEncoding = 4; includeInIndex = 0; lastKnownFileType = sourcecode.c.h; name = APPBadge.h; path = "cordova-plugin-badge/APPBadge.h"; sourceTree = "<group>"; };
		26E0AFFBEE3D4660A9924026 /* IonicKeyboard.m */ = {isa = PBXFileReference; explicitFileType = undefined; fileEncoding = 4; includeInIndex = 0; lastKnownFileType = sourcecode.c.objc; name = IonicKeyboard.m; path = "ionic-plugin-keyboard/IonicKeyboard.m"; sourceTree = "<group>"; };
		29B97316FDCFA39411CA2CEA /* main.m */ = {isa = PBXFileReference; fileEncoding = 4; lastKnownFileType = sourcecode.c.objc; path = main.m; sourceTree = "<group>"; };
		2A758A5EBA8C49689B6538B9 /* ELCAlbumPickerController.h */ = {isa = PBXFileReference; explicitFileType = undefined; fileEncoding = 4; includeInIndex = 0; lastKnownFileType = sourcecode.c.h; name = ELCAlbumPickerController.h; path = "cordova-plugin-image-picker/ELCAlbumPickerController.h"; sourceTree = "<group>"; };
		2B94C21CDCD741B4B1AE908C /* ELCAssetPickerFilterDelegate.h */ = {isa = PBXFileReference; explicitFileType = undefined; fileEncoding = 4; includeInIndex = 0; lastKnownFileType = sourcecode.c.h; name = ELCAssetPickerFilterDelegate.h; path = "cordova-plugin-image-picker/ELCAssetPickerFilterDelegate.h"; sourceTree = "<group>"; };
		301BF52D109A57CC0062928A /* CordovaLib.xcodeproj */ = {isa = PBXFileReference; lastKnownFileType = "wrapper.pb-project"; name = CordovaLib.xcodeproj; path = CordovaLib/CordovaLib.xcodeproj; sourceTree = "<group>"; };
		301BF56E109A69640062928A /* www */ = {isa = PBXFileReference; lastKnownFileType = folder; path = www; sourceTree = SOURCE_ROOT; };
		302D95EE14D2391D003F00A1 /* MainViewController.h */ = {isa = PBXFileReference; fileEncoding = 4; lastKnownFileType = sourcecode.c.h; path = MainViewController.h; sourceTree = "<group>"; };
		302D95EF14D2391D003F00A1 /* MainViewController.m */ = {isa = PBXFileReference; fileEncoding = 4; lastKnownFileType = sourcecode.c.objc; path = MainViewController.m; sourceTree = "<group>"; };
		302D95F014D2391D003F00A1 /* MainViewController.xib */ = {isa = PBXFileReference; fileEncoding = 4; lastKnownFileType = file.xib; path = MainViewController.xib; sourceTree = "<group>"; };
		3047A50F1AB8059700498E2A /* build-debug.xcconfig */ = {isa = PBXFileReference; fileEncoding = 4; lastKnownFileType = text.xcconfig; name = "build-debug.xcconfig"; path = "cordova/build-debug.xcconfig"; sourceTree = SOURCE_ROOT; };
		3047A5101AB8059700498E2A /* build-release.xcconfig */ = {isa = PBXFileReference; fileEncoding = 4; lastKnownFileType = text.xcconfig; name = "build-release.xcconfig"; path = "cordova/build-release.xcconfig"; sourceTree = SOURCE_ROOT; };
		3047A5111AB8059700498E2A /* build.xcconfig */ = {isa = PBXFileReference; fileEncoding = 4; lastKnownFileType = text.xcconfig; name = build.xcconfig; path = cordova/build.xcconfig; sourceTree = SOURCE_ROOT; };
		32CA4F630368D1EE00C91783 /* PIM-Prefix.pch */ = {isa = PBXFileReference; fileEncoding = 4; lastKnownFileType = sourcecode.c.h; path = "PIM-Prefix.pch"; sourceTree = "<group>"; };
		33DFD97384694A5BACF747D7 /* ELCAssetTablePicker.m */ = {isa = PBXFileReference; explicitFileType = undefined; fileEncoding = 4; includeInIndex = 0; lastKnownFileType = sourcecode.c.objc; name = ELCAssetTablePicker.m; path = "cordova-plugin-image-picker/ELCAssetTablePicker.m"; sourceTree = "<group>"; };
		34E795308CBD4283BBA79CC8 /* FirebaseMessaging.framework */ = {isa = PBXFileReference; explicitFileType = undefined; fileEncoding = 9; includeInIndex = 0; lastKnownFileType = wrapper.framework; name = FirebaseMessaging.framework; path = "PIM/Plugins/cordova-plugin-firebase/FirebaseMessaging.framework"; sourceTree = "<group>"; };
		366F256A35A64DE9845039B1 /* APPEmailComposerImpl.m */ = {isa = PBXFileReference; explicitFileType = undefined; fileEncoding = 4; includeInIndex = 0; lastKnownFileType = sourcecode.c.objc; name = APPEmailComposerImpl.m; path = "cordova-plugin-email-composer/APPEmailComposerImpl.m"; sourceTree = "<group>"; };
		399E411FE07F4D1180073DB8 /* CDVVibration.h */ = {isa = PBXFileReference; explicitFileType = undefined; fileEncoding = 4; includeInIndex = 0; lastKnownFileType = sourcecode.c.h; name = CDVVibration.h; path = "cordova-plugin-vibration/CDVVibration.h"; sourceTree = "<group>"; };
		3AF989477145444EB39E60AC /* CDVClipboard.h */ = {isa = PBXFileReference; explicitFileType = undefined; fileEncoding = 4; includeInIndex = 0; lastKnownFileType = sourcecode.c.h; name = CDVClipboard.h; path = com.verso.cordova.clipboard/CDVClipboard.h; sourceTree = "<group>"; };
		3BA778E618004F00A01086E9 /* ELCImagePickerController.m */ = {isa = PBXFileReference; explicitFileType = undefined; fileEncoding = 4; includeInIndex = 0; lastKnownFileType = sourcecode.c.objc; name = ELCImagePickerController.m; path = "cordova-plugin-image-picker/ELCImagePickerController.m"; sourceTree = "<group>"; };
		3C184F36945C448FA7247AC3 /* FirebaseCrash.framework */ = {isa = PBXFileReference; explicitFileType = undefined; fileEncoding = 9; includeInIndex = 0; lastKnownFileType = wrapper.framework; name = FirebaseCrash.framework; path = "PIM/Plugins/cordova-plugin-firebase/FirebaseCrash.framework"; sourceTree = "<group>"; };
		3F7C9C7DC84C435393DBA4EC /* AFNetworkReachabilityManager.m */ = {isa = PBXFileReference; explicitFileType = undefined; fileEncoding = 4; includeInIndex = 0; lastKnownFileType = sourcecode.c.objc; name = AFNetworkReachabilityManager.m; path = "cordova-plugin-http/AFNetworkReachabilityManager.m"; sourceTree = "<group>"; };
		3F848E3A2ED5471E989FC237 /* UIImage+CropScaleOrientation.h */ = {isa = PBXFileReference; explicitFileType = undefined; fileEncoding = 4; includeInIndex = 0; lastKnownFileType = sourcecode.c.h; name = "UIImage+CropScaleOrientation.h"; path = "cordova-plugin-camera/UIImage+CropScaleOrientation.h"; sourceTree = "<group>"; };
		40AA42ABE7CC4336A39D5620 /* GoogleService-Info.plist */ = {isa = PBXFileReference; explicitFileType = undefined; fileEncoding = 4; includeInIndex = 0; lastKnownFileType = text.plist.xml; path = "GoogleService-Info.plist"; sourceTree = "<group>"; };
		42116CC258744863AEFA65EF /* AppDelegate+FirebasePlugin.m */ = {isa = PBXFileReference; explicitFileType = undefined; fileEncoding = 4; includeInIndex = 0; lastKnownFileType = sourcecode.c.objc; name = "AppDelegate+FirebasePlugin.m"; path = "cordova-plugin-firebase/AppDelegate+FirebasePlugin.m"; sourceTree = "<group>"; };
		42F08BA9EC49454987F0B2C6 /* CDVLocation.h */ = {isa = PBXFileReference; explicitFileType = undefined; fileEncoding = 4; includeInIndex = 0; lastKnownFileType = sourcecode.c.h; name = CDVLocation.h; path = "cordova-plugin-geolocation/CDVLocation.h"; sourceTree = "<group>"; };
		4308787B8DA34BEF84C1FB81 /* TouchID.m */ = {isa = PBXFileReference; explicitFileType = undefined; fileEncoding = 4; includeInIndex = 0; lastKnownFileType = sourcecode.c.objc; name = TouchID.m; path = "cordova-plugin-touchid/TouchID.m"; sourceTree = "<group>"; };
		4363F907D76D43049DEC5B82 /* APPBadge.m */ = {isa = PBXFileReference; explicitFileType = undefined; fileEncoding = 4; includeInIndex = 0; lastKnownFileType = sourcecode.c.objc; name = APPBadge.m; path = "cordova-plugin-badge/APPBadge.m"; sourceTree = "<group>"; };
		4413C967A78D4CE39DB0E3A6 /* CDVStatusBar.m */ = {isa = PBXFileReference; explicitFileType = undefined; fileEncoding = 4; includeInIndex = 0; lastKnownFileType = sourcecode.c.objc; name = CDVStatusBar.m; path = "cordova-plugin-statusbar/CDVStatusBar.m"; sourceTree = "<group>"; };
		46F18F6C4BAA492EA54876F0 /* AppVersion.m */ = {isa = PBXFileReference; explicitFileType = undefined; fileEncoding = 4; includeInIndex = 0; lastKnownFileType = sourcecode.c.objc; name = AppVersion.m; path = "cordova-plugin-app-version/AppVersion.m"; sourceTree = "<group>"; };
		47A797F3731F4935B0176F49 /* Diagnostic.m */ = {isa = PBXFileReference; explicitFileType = undefined; fileEncoding = 4; includeInIndex = 0; lastKnownFileType = sourcecode.c.objc; name = Diagnostic.m; path = cordova.plugins.diagnostic/Diagnostic.m; sourceTree = "<group>"; };
		4A02BBDC31874848BA29F238 /* NativeSettings.m */ = {isa = PBXFileReference; explicitFileType = undefined; fileEncoding = 4; includeInIndex = 0; lastKnownFileType = sourcecode.c.objc; name = NativeSettings.m; path = "cordova-open-native-settings/NativeSettings.m"; sourceTree = "<group>"; };
		4B26C3266A834E8181A83A4C /* AFNetworking.h */ = {isa = PBXFileReference; explicitFileType = undefined; fileEncoding = 4; includeInIndex = 0; lastKnownFileType = sourcecode.c.h; name = AFNetworking.h; path = "cordova-plugin-http/AFNetworking.h"; sourceTree = "<group>"; };
		4CC01FCDF3A64AD09D561FD1 /* FirebasePlugin.h */ = {isa = PBXFileReference; explicitFileType = undefined; fileEncoding = 4; includeInIndex = 0; lastKnownFileType = sourcecode.c.h; name = FirebasePlugin.h; path = "cordova-plugin-firebase/FirebasePlugin.h"; sourceTree = "<group>"; };
		4EB57F4453974B80A15573F1 /* CDVExif.h */ = {isa = PBXFileReference; explicitFileType = undefined; fileEncoding = 4; includeInIndex = 0; lastKnownFileType = sourcecode.c.h; name = CDVExif.h; path = "cordova-plugin-camera/CDVExif.h"; sourceTree = "<group>"; };
		4F3FCF90C9A64754B1F98865 /* FirebaseAnalytics.framework */ = {isa = PBXFileReference; explicitFileType = undefined; fileEncoding = 9; includeInIndex = 0; lastKnownFileType = wrapper.framework; name = FirebaseAnalytics.framework; path = "PIM/Plugins/cordova-plugin-firebase/FirebaseAnalytics.framework"; sourceTree = "<group>"; };
		54B6B74BC59E405B8CBBC661 /* UserNotifications.framework */ = {isa = PBXFileReference; explicitFileType = undefined; fileEncoding = 9; includeInIndex = 0; lastKnownFileType = wrapper.framework; name = UserNotifications.framework; path = System/Library/Frameworks/UserNotifications.framework; sourceTree = SDKROOT; };
		55FB7C068CA04CB49F57A94E /* EventKit.framework */ = {isa = PBXFileReference; explicitFileType = undefined; fileEncoding = 9; includeInIndex = 0; lastKnownFileType = wrapper.framework; name = EventKit.framework; path = System/Library/Frameworks/EventKit.framework; sourceTree = SDKROOT; };
		56BB947CCB5C40B8AE6DD189 /* FirebasePlugin.m */ = {isa = PBXFileReference; explicitFileType = undefined; fileEncoding = 4; includeInIndex = 0; lastKnownFileType = sourcecode.c.objc; name = FirebasePlugin.m; path = "cordova-plugin-firebase/FirebasePlugin.m"; sourceTree = "<group>"; };
		57385B208FF84E6D820CD615 /* scannerOverlay.xib */ = {isa = PBXFileReference; explicitFileType = undefined; fileEncoding = 9; includeInIndex = 0; lastKnownFileType = file.xib; path = scannerOverlay.xib; sourceTree = "<group>"; };
		57BDD933894249109BB7D791 /* FileOpener2.h */ = {isa = PBXFileReference; explicitFileType = undefined; fileEncoding = 4; includeInIndex = 0; lastKnownFileType = sourcecode.c.h; name = FileOpener2.h; path = "cordova-plugin-file-opener2/FileOpener2.h"; sourceTree = "<group>"; };
		5C935C1701BC4C42BEF625D4 /* AFNetworkReachabilityManager.h */ = {isa = PBXFileReference; explicitFileType = undefined; fileEncoding = 4; includeInIndex = 0; lastKnownFileType = sourcecode.c.h; name = AFNetworkReachabilityManager.h; path = "cordova-plugin-http/AFNetworkReachabilityManager.h"; sourceTree = "<group>"; };
		5E7A2ED8F8C7460BAA4D2798 /* CDVCamera.h */ = {isa = PBXFileReference; explicitFileType = undefined; fileEncoding = 4; includeInIndex = 0; lastKnownFileType = sourcecode.c.h; name = CDVCamera.h; path = "cordova-plugin-camera/CDVCamera.h"; sourceTree = "<group>"; };
		61EC3050951541F1A4AF1015 /* Launcher.m */ = {isa = PBXFileReference; explicitFileType = undefined; fileEncoding = 4; includeInIndex = 0; lastKnownFileType = sourcecode.c.objc; name = Launcher.m; path = "cordova-plugin-app-launcher/Launcher.m"; sourceTree = "<group>"; };
		63FE37C171EB498C98662F05 /* CDVInAppBrowser.h */ = {isa = PBXFileReference; explicitFileType = undefined; fileEncoding = 4; includeInIndex = 0; lastKnownFileType = sourcecode.c.h; name = CDVInAppBrowser.h; path = "cordova-plugin-inappbrowser/CDVInAppBrowser.h"; sourceTree = "<group>"; };
		65A6E039F6E548B09B3DFC74 /* TouchID.h */ = {isa = PBXFileReference; explicitFileType = undefined; fileEncoding = 4; includeInIndex = 0; lastKnownFileType = sourcecode.c.h; name = TouchID.h; path = "cordova-plugin-touchid/TouchID.h"; sourceTree = "<group>"; };
		66DA4CE0B98948FE8AF6FD9A /* libiconv.dylib */ = {isa = PBXFileReference; explicitFileType = undefined; fileEncoding = 9; includeInIndex = 0; lastKnownFileType = "compiled.mach-o.dylib"; name = libiconv.dylib; path = usr/lib/libiconv.dylib; sourceTree = SDKROOT; };
		6A151B7FBB8B4046B64CCBFE /* FirebaseCore.framework */ = {isa = PBXFileReference; explicitFileType = undefined; fileEncoding = 9; includeInIndex = 0; lastKnownFileType = wrapper.framework; name = FirebaseCore.framework; path = "PIM/Plugins/cordova-plugin-firebase/FirebaseCore.framework"; sourceTree = "<group>"; };
		6B3EB2FE88D24C8389AC68A1 /* CDVLocation.m */ = {isa = PBXFileReference; explicitFileType = undefined; fileEncoding = 4; includeInIndex = 0; lastKnownFileType = sourcecode.c.objc; name = CDVLocation.m; path = "cordova-plugin-geolocation/CDVLocation.m"; sourceTree = "<group>"; };
		6B44171BD0194867959B90CD /* CoreLocation.framework */ = {isa = PBXFileReference; explicitFileType = undefined; fileEncoding = 9; includeInIndex = 0; lastKnownFileType = wrapper.framework; name = CoreLocation.framework; path = System/Library/Frameworks/CoreLocation.framework; sourceTree = SDKROOT; };
		6C7F0D42F7284FEFB5CB109D /* ELCAssetCell.m */ = {isa = PBXFileReference; explicitFileType = undefined; fileEncoding = 4; includeInIndex = 0; lastKnownFileType = sourcecode.c.objc; name = ELCAssetCell.m; path = "cordova-plugin-image-picker/ELCAssetCell.m"; sourceTree = "<group>"; };
		6C88EE32CD20464689A4956E /* Overlay@2x.png */ = {isa = PBXFileReference; explicitFileType = undefined; fileEncoding = 9; includeInIndex = 0; lastKnownFileType = unknown; path = "Overlay@2x.png"; sourceTree = "<group>"; };
		718465A79B104162AA92C6EC /* CordovaHttpPlugin.h */ = {isa = PBXFileReference; explicitFileType = undefined; fileEncoding = 4; includeInIndex = 0; lastKnownFileType = sourcecode.c.h; name = CordovaHttpPlugin.h; path = "cordova-plugin-http/CordovaHttpPlugin.h"; sourceTree = "<group>"; };
		7349B3688ED745B88C26403D /* AppAvailability.h */ = {isa = PBXFileReference; explicitFileType = undefined; fileEncoding = 4; includeInIndex = 0; lastKnownFileType = sourcecode.c.h; name = AppAvailability.h; path = "cordova-plugin-appavailability/AppAvailability.h"; sourceTree = "<group>"; };
		73D791C09E214613BAA7D0B4 /* Launcher.h */ = {isa = PBXFileReference; explicitFileType = undefined; fileEncoding = 4; includeInIndex = 0; lastKnownFileType = sourcecode.c.h; name = Launcher.h; path = "cordova-plugin-app-launcher/Launcher.h"; sourceTree = "<group>"; };
		75F7BA8FFB1D4C7591C79F43 /* ELCAssetCell.h */ = {isa = PBXFileReference; explicitFileType = undefined; fileEncoding = 4; includeInIndex = 0; lastKnownFileType = sourcecode.c.h; name = ELCAssetCell.h; path = "cordova-plugin-image-picker/ELCAssetCell.h"; sourceTree = "<group>"; };
		769132BC3640436D8ED4F2B6 /* FirebaseNanoPB.framework */ = {isa = PBXFileReference; explicitFileType = undefined; fileEncoding = 9; includeInIndex = 0; lastKnownFileType = wrapper.framework; name = FirebaseNanoPB.framework; path = "PIM/Plugins/cordova-plugin-firebase/FirebaseNanoPB.framework"; sourceTree = "<group>"; };
		7773DAA5CB824353B0DA9742 /* ELCAsset.h */ = {isa = PBXFileReference; explicitFileType = undefined; fileEncoding = 4; includeInIndex = 0; lastKnownFileType = sourcecode.c.h; name = ELCAsset.h; path = "cordova-plugin-image-picker/ELCAsset.h"; sourceTree = "<group>"; };
		781903AF20064BB3AD8CBDBA /* CDVLocalFilesystem.h */ = {isa = PBXFileReference; explicitFileType = undefined; fileEncoding = 4; includeInIndex = 0; lastKnownFileType = sourcecode.c.h; name = CDVLocalFilesystem.h; path = "cordova-plugin-file/CDVLocalFilesystem.h"; sourceTree = "<group>"; };
		7A299A4004C6438F98B0EA0F /* Photos.framework */ = {isa = PBXFileReference; explicitFileType = undefined; fileEncoding = 9; includeInIndex = 0; lastKnownFileType = wrapper.framework; name = Photos.framework; path = System/Library/Frameworks/Photos.framework; sourceTree = SDKROOT; };
		7A7FA359B351457DB45C45B1 /* CDVCamera.m */ = {isa = PBXFileReference; explicitFileType = undefined; fileEncoding = 4; includeInIndex = 0; lastKnownFileType = sourcecode.c.objc; name = CDVCamera.m; path = "cordova-plugin-camera/CDVCamera.m"; sourceTree = "<group>"; };
		7B1E808814144375A18D4503 /* CDVAssetLibraryFilesystem.h */ = {isa = PBXFileReference; explicitFileType = undefined; fileEncoding = 4; includeInIndex = 0; lastKnownFileType = sourcecode.c.h; name = CDVAssetLibraryFilesystem.h; path = "cordova-plugin-file/CDVAssetLibraryFilesystem.h"; sourceTree = "<group>"; };
		7B948C54C02A48AFBA1FCE33 /* Contacts.framework */ = {isa = PBXFileReference; explicitFileType = undefined; fileEncoding = 9; includeInIndex = 0; lastKnownFileType = wrapper.framework; name = Contacts.framework; path = System/Library/Frameworks/Contacts.framework; sourceTree = SDKROOT; };
		807A4CFF2488495FBCE47D71 /* AFURLResponseSerialization.m */ = {isa = PBXFileReference; explicitFileType = undefined; fileEncoding = 4; includeInIndex = 0; lastKnownFileType = sourcecode.c.objc; name = AFURLResponseSerialization.m; path = "cordova-plugin-http/AFURLResponseSerialization.m"; sourceTree = "<group>"; };
		81EDBC57D4DF4809A3BAE8C1 /* AFURLResponseSerialization.h */ = {isa = PBXFileReference; explicitFileType = undefined; fileEncoding = 4; includeInIndex = 0; lastKnownFileType = sourcecode.c.h; name = AFURLResponseSerialization.h; path = "cordova-plugin-http/AFURLResponseSerialization.h"; sourceTree = "<group>"; };
		8ADF4FEB49274B2EBC96B262 /* AudioToolbox.framework */ = {isa = PBXFileReference; explicitFileType = undefined; fileEncoding = 9; includeInIndex = 0; lastKnownFileType = wrapper.framework; name = AudioToolbox.framework; path = System/Library/Frameworks/AudioToolbox.framework; sourceTree = SDKROOT; };
		8B5F2AACD6CC417A8519F056 /* CDVFileTransfer.h */ = {isa = PBXFileReference; explicitFileType = undefined; fileEncoding = 4; includeInIndex = 0; lastKnownFileType = sourcecode.c.h; name = CDVFileTransfer.h; path = "cordova-plugin-file-transfer/CDVFileTransfer.h"; sourceTree = "<group>"; };
		8D1107310486CEB800E47090 /* PIM-Info.plist */ = {isa = PBXFileReference; fileEncoding = 4; lastKnownFileType = text.plist.xml; name = "PIM-Info.plist"; path = "PIM/PIM-Info.plist"; plistStructureDefinitionIdentifier = "com.apple.xcode.plist.structure-definition.iphone.info-plist"; sourceTree = SOURCE_ROOT; };
		95CF5D7A1C7C48C9AE0B4403 /* FirebaseRemoteConfig.framework */ = {isa = PBXFileReference; explicitFileType = undefined; fileEncoding = 9; includeInIndex = 0; lastKnownFileType = wrapper.framework; name = FirebaseRemoteConfig.framework; path = "PIM/Plugins/cordova-plugin-firebase/FirebaseRemoteConfig.framework"; sourceTree = "<group>"; };
		9B3C8E49713A4BA9BD85FC77 /* UIImage+CropScaleOrientation.m */ = {isa = PBXFileReference; explicitFileType = undefined; fileEncoding = 4; includeInIndex = 0; lastKnownFileType = sourcecode.c.objc; name = "UIImage+CropScaleOrientation.m"; path = "cordova-plugin-camera/UIImage+CropScaleOrientation.m"; sourceTree = "<group>"; };
		9E581234E1AC4626B6510663 /* CDVAssetLibraryFilesystem.m */ = {isa = PBXFileReference; explicitFileType = undefined; fileEncoding = 4; includeInIndex = 0; lastKnownFileType = sourcecode.c.objc; name = CDVAssetLibraryFilesystem.m; path = "cordova-plugin-file/CDVAssetLibraryFilesystem.m"; sourceTree = "<group>"; };
		9F193FD2577D4AEA96E8C820 /* CDVDevice.m */ = {isa = PBXFileReference; explicitFileType = undefined; fileEncoding = 4; includeInIndex = 0; lastKnownFileType = sourcecode.c.objc; name = CDVDevice.m; path = "cordova-plugin-device/CDVDevice.m"; sourceTree = "<group>"; };
		9F91F2924DF44280B3B8A79F /* CDVJpegHeaderWriter.m */ = {isa = PBXFileReference; explicitFileType = undefined; fileEncoding = 4; includeInIndex = 0; lastKnownFileType = sourcecode.c.objc; name = CDVJpegHeaderWriter.m; path = "cordova-plugin-camera/CDVJpegHeaderWriter.m"; sourceTree = "<group>"; };
		A41B61D1B9D84B98803AF4B7 /* CDVLogger.h */ = {isa = PBXFileReference; explicitFileType = undefined; fileEncoding = 4; includeInIndex = 0; lastKnownFileType = sourcecode.c.h; name = CDVLogger.h; path = "cordova-plugin-console/CDVLogger.h"; sourceTree = "<group>"; };
		A51D2901E2E44E0BB0A5038F /* CoreImage.framework */ = {isa = PBXFileReference; explicitFileType = undefined; fileEncoding = 9; includeInIndex = 0; lastKnownFileType = wrapper.framework; name = CoreImage.framework; path = System/Library/Frameworks/CoreImage.framework; sourceTree = SDKROOT; };
		A52978F187D3490BA73F4A32 /* AFURLSessionManager.m */ = {isa = PBXFileReference; explicitFileType = undefined; fileEncoding = 4; includeInIndex = 0; lastKnownFileType = sourcecode.c.objc; name = AFURLSessionManager.m; path = "cordova-plugin-http/AFURLSessionManager.m"; sourceTree = "<group>"; };
		AC7DB61F5FCF4FB99D67D9E9 /* CoreVideo.framework */ = {isa = PBXFileReference; explicitFileType = undefined; fileEncoding = 9; includeInIndex = 0; lastKnownFileType = wrapper.framework; name = CoreVideo.framework; path = System/Library/Frameworks/CoreVideo.framework; sourceTree = SDKROOT; };
		AE2DFDDB730042FC84EC2CFC /* CoreMotion.framework */ = {isa = PBXFileReference; explicitFileType = undefined; fileEncoding = 9; includeInIndex = 0; lastKnownFileType = wrapper.framework; name = CoreMotion.framework; path = System/Library/Frameworks/CoreMotion.framework; sourceTree = SDKROOT; };
		B1091C3997E841838119AA47 /* CDVJpegHeaderWriter.h */ = {isa = PBXFileReference; explicitFileType = undefined; fileEncoding = 4; includeInIndex = 0; lastKnownFileType = sourcecode.c.h; name = CDVJpegHeaderWriter.h; path = "cordova-plugin-camera/CDVJpegHeaderWriter.h"; sourceTree = "<group>"; };
		B1403DC864C646BE981E4EED /* Toast.h */ = {isa = PBXFileReference; explicitFileType = undefined; fileEncoding = 4; includeInIndex = 0; lastKnownFileType = sourcecode.c.h; name = Toast.h; path = "cordova-plugin-x-toast/Toast.h"; sourceTree = "<group>"; };
		B62DE84A161842499B7AD478 /* SaveImage.h */ = {isa = PBXFileReference; explicitFileType = undefined; fileEncoding = 4; includeInIndex = 0; lastKnownFileType = sourcecode.c.h; name = SaveImage.h; path = "cordova-plugin-save-image/SaveImage.h"; sourceTree = "<group>"; };
		B8945F303FFA4244878A9A2C /* SOSPicker.h */ = {isa = PBXFileReference; explicitFileType = undefined; fileEncoding = 4; includeInIndex = 0; lastKnownFileType = sourcecode.c.h; name = SOSPicker.h; path = "cordova-plugin-image-picker/SOSPicker.h"; sourceTree = "<group>"; };
		BAF746202F084D39A7381992 /* ImageIO.framework */ = {isa = PBXFileReference; explicitFileType = undefined; fileEncoding = 9; includeInIndex = 0; lastKnownFileType = wrapper.framework; name = ImageIO.framework; path = System/Library/Frameworks/ImageIO.framework; sourceTree = SDKROOT; };
		BD3EB950973B45FCB319D0B5 /* Toast+UIView.m */ = {isa = PBXFileReference; explicitFileType = undefined; fileEncoding = 4; includeInIndex = 0; lastKnownFileType = sourcecode.c.objc; name = "Toast+UIView.m"; path = "cordova-plugin-x-toast/Toast+UIView.m"; sourceTree = "<group>"; };
		BDA428712BDA4525B9474F27 /* zxing-all-in-one.h */ = {isa = PBXFileReference; explicitFileType = undefined; fileEncoding = 4; includeInIndex = 0; lastKnownFileType = sourcecode.c.h; name = "zxing-all-in-one.h"; path = "cordova-plugin-barcodescanner/zxing-all-in-one.h"; sourceTree = "<group>"; };
		BEA0209D21AC4E38B0F5F692 /* ELCAssetSelectionDelegate.h */ = {isa = PBXFileReference; explicitFileType = undefined; fileEncoding = 4; includeInIndex = 0; lastKnownFileType = sourcecode.c.h; name = ELCAssetSelectionDelegate.h; path = "cordova-plugin-image-picker/ELCAssetSelectionDelegate.h"; sourceTree = "<group>"; };
		BF94A074016C4922A2AC6C62 /* AppVersion.h */ = {isa = PBXFileReference; explicitFileType = undefined; fileEncoding = 4; includeInIndex = 0; lastKnownFileType = sourcecode.c.h; name = AppVersion.h; path = "cordova-plugin-app-version/AppVersion.h"; sourceTree = "<group>"; };
		BFEE4CCF14F44EA287E3146A /* FirebaseInstanceID.framework */ = {isa = PBXFileReference; explicitFileType = undefined; fileEncoding = 9; includeInIndex = 0; lastKnownFileType = wrapper.framework; name = FirebaseInstanceID.framework; path = "PIM/Plugins/cordova-plugin-firebase/FirebaseInstanceID.framework"; sourceTree = "<group>"; };
		C3DBD8A0F750458ABCB3F399 /* ELCAsset.m */ = {isa = PBXFileReference; explicitFileType = undefined; fileEncoding = 4; includeInIndex = 0; lastKnownFileType = sourcecode.c.objc; name = ELCAsset.m; path = "cordova-plugin-image-picker/ELCAsset.m"; sourceTree = "<group>"; };
		C5FE2B1951A640CC9619A7F6 /* CDVClipboard.m */ = {isa = PBXFileReference; explicitFileType = undefined; fileEncoding = 4; includeInIndex = 0; lastKnownFileType = sourcecode.c.objc; name = CDVClipboard.m; path = com.verso.cordova.clipboard/CDVClipboard.m; sourceTree = "<group>"; };
		C6D06AC44978418982DDEC80 /* AppDelegate+FirebasePlugin.h */ = {isa = PBXFileReference; explicitFileType = undefined; fileEncoding = 4; includeInIndex = 0; lastKnownFileType = sourcecode.c.h; name = "AppDelegate+FirebasePlugin.h"; path = "cordova-plugin-firebase/AppDelegate+FirebasePlugin.h"; sourceTree = "<group>"; };
		C790E26D5576417B96624455 /* TextResponseSerializer.h */ = {isa = PBXFileReference; explicitFileType = undefined; fileEncoding = 4; includeInIndex = 0; lastKnownFileType = sourcecode.c.h; name = TextResponseSerializer.h; path = "cordova-plugin-http/TextResponseSerializer.h"; sourceTree = "<group>"; };
		C8E89F26F9614D519BB18F8B /* CDVLocalFilesystem.m */ = {isa = PBXFileReference; explicitFileType = undefined; fileEncoding = 4; includeInIndex = 0; lastKnownFileType = sourcecode.c.objc; name = CDVLocalFilesystem.m; path = "cordova-plugin-file/CDVLocalFilesystem.m"; sourceTree = "<group>"; };
		CC1B0A4F42284088BF55EB0D /* CoreBluetooth.framework */ = {isa = PBXFileReference; explicitFileType = undefined; fileEncoding = 9; includeInIndex = 0; lastKnownFileType = wrapper.framework; name = CoreBluetooth.framework; path = System/Library/Frameworks/CoreBluetooth.framework; sourceTree = SDKROOT; };
		CCA36FA5BB154A1B9EC9731F /* AVFoundation.framework */ = {isa = PBXFileReference; explicitFileType = undefined; fileEncoding = 9; includeInIndex = 0; lastKnownFileType = wrapper.framework; name = AVFoundation.framework; path = System/Library/Frameworks/AVFoundation.framework; sourceTree = SDKROOT; };
		CF9223B347874CE99F493AB3 /* CDVStatusBar.h */ = {isa = PBXFileReference; explicitFileType = undefined; fileEncoding = 4; includeInIndex = 0; lastKnownFileType = sourcecode.c.h; name = CDVStatusBar.h; path = "cordova-plugin-statusbar/CDVStatusBar.h"; sourceTree = "<group>"; };
		D0C15255D37141F68A76D165 /* AFHTTPSessionManager.m */ = {isa = PBXFileReference; explicitFileType = undefined; fileEncoding = 4; includeInIndex = 0; lastKnownFileType = sourcecode.c.objc; name = AFHTTPSessionManager.m; path = "cordova-plugin-http/AFHTTPSessionManager.m"; sourceTree = "<group>"; };
		D139FD3029274906B1B2389C /* CDVFileTransfer.m */ = {isa = PBXFileReference; explicitFileType = undefined; fileEncoding = 4; includeInIndex = 0; lastKnownFileType = sourcecode.c.objc; name = CDVFileTransfer.m; path = "cordova-plugin-file-transfer/CDVFileTransfer.m"; sourceTree = "<group>"; };
		D3786A1CA47245A8B7572765 /* CDVViewController+SplashScreen.m */ = {isa = PBXFileReference; explicitFileType = undefined; fileEncoding = 4; includeInIndex = 0; lastKnownFileType = sourcecode.c.objc; name = "CDVViewController+SplashScreen.m"; path = "cordova-plugin-splashscreen/CDVViewController+SplashScreen.m"; sourceTree = "<group>"; };
		D4FA4DF6C28140C2879786B7 /* zxing-all-in-one.cpp */ = {isa = PBXFileReference; explicitFileType = undefined; fileEncoding = 9; includeInIndex = 0; lastKnownFileType = unknown; name = "zxing-all-in-one.cpp"; path = "cordova-plugin-barcodescanner/zxing-all-in-one.cpp"; sourceTree = "<group>"; };
		D51CADD3BEED43BD9C2501D1 /* CordovaHttpPlugin.m */ = {isa = PBXFileReference; explicitFileType = undefined; fileEncoding = 4; includeInIndex = 0; lastKnownFileType = sourcecode.c.objc; name = CordovaHttpPlugin.m; path = "cordova-plugin-http/CordovaHttpPlugin.m"; sourceTree = "<group>"; };
		D74EA97A5D9F49B792B37238 /* ELCAssetPicker.xib */ = {isa = PBXFileReference; explicitFileType = undefined; fileEncoding = 9; includeInIndex = 0; lastKnownFileType = file.xib; path = ELCAssetPicker.xib; sourceTree = "<group>"; };
		DA183BFDEAE64AA0824969F0 /* ELCAlbumPickerController.m */ = {isa = PBXFileReference; explicitFileType = undefined; fileEncoding = 4; includeInIndex = 0; lastKnownFileType = sourcecode.c.objc; name = ELCAlbumPickerController.m; path = "cordova-plugin-image-picker/ELCAlbumPickerController.m"; sourceTree = "<group>"; };
		DC4AB431BFA24376B9A464FE /* SystemConfiguration.framework */ = {isa = PBXFileReference; explicitFileType = undefined; fileEncoding = 9; includeInIndex = 0; lastKnownFileType = wrapper.framework; name = SystemConfiguration.framework; path = System/Library/Frameworks/SystemConfiguration.framework; sourceTree = SDKROOT; };
		DD87CF8E25E4405D918CC36C /* AFSecurityPolicy.m */ = {isa = PBXFileReference; explicitFileType = undefined; fileEncoding = 4; includeInIndex = 0; lastKnownFileType = sourcecode.c.objc; name = AFSecurityPolicy.m; path = "cordova-plugin-http/AFSecurityPolicy.m"; sourceTree = "<group>"; };
		DDC250527B2944AC955FC679 /* CDVNotification.h */ = {isa = PBXFileReference; explicitFileType = undefined; fileEncoding = 4; includeInIndex = 0; lastKnownFileType = sourcecode.c.h; name = CDVNotification.h; path = "cordova-plugin-dialogs/CDVNotification.h"; sourceTree = "<group>"; };
		E194B01B01F844998B3A2398 /* CDVFile.m */ = {isa = PBXFileReference; explicitFileType = undefined; fileEncoding = 4; includeInIndex = 0; lastKnownFileType = sourcecode.c.objc; name = CDVFile.m; path = "cordova-plugin-file/CDVFile.m"; sourceTree = "<group>"; };
		E1AA700FDF934E5796A86C67 /* Overlay.png */ = {isa = PBXFileReference; explicitFileType = undefined; fileEncoding = 9; includeInIndex = 0; lastKnownFileType = unknown; path = Overlay.png; sourceTree = "<group>"; };
		E2A2824E18A844CAA4FC1B7D /* AFSecurityPolicy.h */ = {isa = PBXFileReference; explicitFileType = undefined; fileEncoding = 4; includeInIndex = 0; lastKnownFileType = sourcecode.c.h; name = AFSecurityPolicy.h; path = "cordova-plugin-http/AFSecurityPolicy.h"; sourceTree = "<group>"; };
		E39806DBD456403A84B81885 /* APPEmailComposer.m */ = {isa = PBXFileReference; explicitFileType = undefined; fileEncoding = 4; includeInIndex = 0; lastKnownFileType = sourcecode.c.objc; name = APPEmailComposer.m; path = "cordova-plugin-email-composer/APPEmailComposer.m"; sourceTree = "<group>"; };
		E3CA4EF7AD1B4A0B8296C548 /* CDVViewController+SplashScreen.h */ = {isa = PBXFileReference; explicitFileType = undefined; fileEncoding = 4; includeInIndex = 0; lastKnownFileType = sourcecode.c.h; name = "CDVViewController+SplashScreen.h"; path = "cordova-plugin-splashscreen/CDVViewController+SplashScreen.h"; sourceTree = "<group>"; };
		E6236B2381F546C59D1F86D6 /* AppAvailability.m */ = {isa = PBXFileReference; explicitFileType = undefined; fileEncoding = 4; includeInIndex = 0; lastKnownFileType = sourcecode.c.objc; name = AppAvailability.m; path = "cordova-plugin-appavailability/AppAvailability.m"; sourceTree = "<group>"; };
		EB87FDF31871DA8E0020F90C /* www */ = {isa = PBXFileReference; lastKnownFileType = folder; name = www; path = ../../www; sourceTree = "<group>"; };
		EB87FDF41871DAF40020F90C /* config.xml */ = {isa = PBXFileReference; lastKnownFileType = text.xml; name = config.xml; path = ../../config.xml; sourceTree = "<group>"; };
		EBEC4E492D0147388BE90E37 /* AFURLSessionManager.h */ = {isa = PBXFileReference; explicitFileType = undefined; fileEncoding = 4; includeInIndex = 0; lastKnownFileType = sourcecode.c.h; name = AFURLSessionManager.h; path = "cordova-plugin-http/AFURLSessionManager.h"; sourceTree = "<group>"; };
		EC442710571B4578BE321ABD /* APPEmailComposerImpl.h */ = {isa = PBXFileReference; explicitFileType = undefined; fileEncoding = 4; includeInIndex = 0; lastKnownFileType = sourcecode.c.h; name = APPEmailComposerImpl.h; path = "cordova-plugin-email-composer/APPEmailComposerImpl.h"; sourceTree = "<group>"; };
		EC86998D0410425B8821BC55 /* Toast+UIView.h */ = {isa = PBXFileReference; explicitFileType = undefined; fileEncoding = 4; includeInIndex = 0; lastKnownFileType = sourcecode.c.h; name = "Toast+UIView.h"; path = "cordova-plugin-x-toast/Toast+UIView.h"; sourceTree = "<group>"; };
		ECC7D00D2A03436EB2FE504D /* Firebase.h */ = {isa = PBXFileReference; explicitFileType = undefined; fileEncoding = 4; includeInIndex = 0; lastKnownFileType = sourcecode.c.h; name = Firebase.h; path = "cordova-plugin-firebase/Firebase.h"; sourceTree = "<group>"; };
		ED224D048D854D7DB4B25644 /* ELCImagePickerController.h */ = {isa = PBXFileReference; explicitFileType = undefined; fileEncoding = 4; includeInIndex = 0; lastKnownFileType = sourcecode.c.h; name = ELCImagePickerController.h; path = "cordova-plugin-image-picker/ELCImagePickerController.h"; sourceTree = "<group>"; };
		ED33DF2A687741AEAF9F8254 /* Bridging-Header.h */ = {isa = PBXFileReference; fileEncoding = 4; lastKnownFileType = sourcecode.c.h; path = "Bridging-Header.h"; sourceTree = "<group>"; };
		EDEF21603A8E4BF8881B1B56 /* SOSPicker.m */ = {isa = PBXFileReference; explicitFileType = undefined; fileEncoding = 4; includeInIndex = 0; lastKnownFileType = sourcecode.c.objc; name = SOSPicker.m; path = "cordova-plugin-image-picker/SOSPicker.m"; sourceTree = "<group>"; };
		EE79B72080894F75838B8A8A /* CDVBarcodeScanner.mm */ = {isa = PBXFileReference; explicitFileType = undefined; fileEncoding = 9; includeInIndex = 0; lastKnownFileType = unknown; name = CDVBarcodeScanner.mm; path = "cordova-plugin-barcodescanner/CDVBarcodeScanner.mm"; sourceTree = "<group>"; };
		EF55E8589C454009AF6D6006 /* Diagnostic.h */ = {isa = PBXFileReference; explicitFileType = undefined; fileEncoding = 4; includeInIndex = 0; lastKnownFileType = sourcecode.c.h; name = Diagnostic.h; path = cordova.plugins.diagnostic/Diagnostic.h; sourceTree = "<group>"; };
		EF571B476B774ACCBBA4D588 /* CDVLogger.m */ = {isa = PBXFileReference; explicitFileType = undefined; fileEncoding = 4; includeInIndex = 0; lastKnownFileType = sourcecode.c.objc; name = CDVLogger.m; path = "cordova-plugin-console/CDVLogger.m"; sourceTree = "<group>"; };
		F07A62F624444454966A4783 /* MessageUI.framework */ = {isa = PBXFileReference; explicitFileType = undefined; fileEncoding = 9; includeInIndex = 0; lastKnownFileType = wrapper.framework; name = MessageUI.framework; path = System/Library/Frameworks/MessageUI.framework; sourceTree = SDKROOT; };
		F11F2755492D4B659CD63271 /* Protobuf.framework */ = {isa = PBXFileReference; explicitFileType = undefined; fileEncoding = 9; includeInIndex = 0; lastKnownFileType = wrapper.framework; name = Protobuf.framework; path = "PIM/Plugins/cordova-plugin-firebase/Protobuf.framework"; sourceTree = "<group>"; };
		F22587A98C1B468895A65361 /* LocalAuthentication.framework */ = {isa = PBXFileReference; explicitFileType = undefined; fileEncoding = 9; includeInIndex = 0; lastKnownFileType = wrapper.framework; name = LocalAuthentication.framework; path = System/Library/Frameworks/LocalAuthentication.framework; sourceTree = SDKROOT; };
		F3806CF5924640D493E9B104 /* ELCAlbumPickerController.xib */ = {isa = PBXFileReference; explicitFileType = undefined; fileEncoding = 9; includeInIndex = 0; lastKnownFileType = file.xib; path = ELCAlbumPickerController.xib; sourceTree = "<group>"; };
		F4E4BF2AD6894C49875DDCE1 /* AFHTTPSessionManager.h */ = {isa = PBXFileReference; explicitFileType = undefined; fileEncoding = 4; includeInIndex = 0; lastKnownFileType = sourcecode.c.h; name = AFHTTPSessionManager.h; path = "cordova-plugin-http/AFHTTPSessionManager.h"; sourceTree = "<group>"; };
		F6A67A97A2934A8B9AE19792 /* CDVSplashScreen.m */ = {isa = PBXFileReference; explicitFileType = undefined; fileEncoding = 4; includeInIndex = 0; lastKnownFileType = sourcecode.c.objc; name = CDVSplashScreen.m; path = "cordova-plugin-splashscreen/CDVSplashScreen.m"; sourceTree = "<group>"; };
		F840E1F0165FE0F500CFE078 /* config.xml */ = {isa = PBXFileReference; lastKnownFileType = text.xml; name = config.xml; path = PIM/config.xml; sourceTree = "<group>"; };
		F966933B926A4F499315F613 /* CDVNotification.m */ = {isa = PBXFileReference; explicitFileType = undefined; fileEncoding = 4; includeInIndex = 0; lastKnownFileType = sourcecode.c.objc; name = CDVNotification.m; path = "cordova-plugin-dialogs/CDVNotification.m"; sourceTree = "<group>"; };
		FACF1BB173E941A28C34F73E /* FirebaseCoreDiagnostics.framework */ = {isa = PBXFileReference; explicitFileType = undefined; fileEncoding = 9; includeInIndex = 0; lastKnownFileType = wrapper.framework; name = FirebaseCoreDiagnostics.framework; path = "PIM/Plugins/cordova-plugin-firebase/FirebaseCoreDiagnostics.framework"; sourceTree = "<group>"; };
		FDB44423902C45E19582DC85 /* AddressBook.framework */ = {isa = PBXFileReference; explicitFileType = undefined; fileEncoding = 9; includeInIndex = 0; lastKnownFileType = wrapper.framework; name = AddressBook.framework; path = System/Library/Frameworks/AddressBook.framework; sourceTree = SDKROOT; };
		FE199E5DF7B34C96BF7F8D57 /* CDVSplashScreen.h */ = {isa = PBXFileReference; explicitFileType = undefined; fileEncoding = 4; includeInIndex = 0; lastKnownFileType = sourcecode.c.h; name = CDVSplashScreen.h; path = "cordova-plugin-splashscreen/CDVSplashScreen.h"; sourceTree = "<group>"; };
/* End PBXFileReference section */

/* Begin PBXFrameworksBuildPhase section */
		1D60588F0D05DD3D006BFB54 /* Frameworks */ = {
			isa = PBXFrameworksBuildPhase;
			buildActionMask = 2147483647;
			files = (
				301BF552109A68D80062928A /* libCordova.a in Frameworks */,
				1D963C6A3F3E4FEC90143893 /* ImageIO.framework in Frameworks */,
				127B66DFC0ED475EBA4B0953 /* CoreLocation.framework in Frameworks */,
				7123B6480357497DAC108075 /* AVFoundation.framework in Frameworks */,
				00F8FC22A1B64FE194561B9E /* MessageUI.framework in Frameworks */,
				412F37CB943A4A93941FD1EF /* FirebaseAnalytics.framework in Frameworks */,
				005877AC9AC741DFA3109CD0 /* FirebaseCore.framework in Frameworks */,
				9F3EA0D326CA445FB4BA48E3 /* FirebaseCoreDiagnostics.framework in Frameworks */,
				7E4A947A4FB047F9BEC66B05 /* FirebaseInstanceID.framework in Frameworks */,
				D55279C545B64D768D295908 /* FirebaseNanoPB.framework in Frameworks */,
				51E105085D8E446895C5AF2D /* GoogleToolboxForMac.framework in Frameworks */,
				1224AFBC8E004C818D0D0DA1 /* Protobuf.framework in Frameworks */,
				1CC870FC5DDA40CD8E79B48D /* FirebaseMessaging.framework in Frameworks */,
				631B63BBF0F042F18632955B /* FirebaseCrash.framework in Frameworks */,
				BB0CF339FB1A47B6BAC268A9 /* FirebaseRemoteConfig.framework in Frameworks */,
				9DCD132D93544E3E8CEF1D45 /* FirebaseAuth.framework in Frameworks */,
				899B9C9B1CE04E5A970B645E /* GTMSessionFetcher.framework in Frameworks */,
				4ADABDEF46E6443FA69EE66A /* Security.framework in Frameworks */,
				3A2A2EEF161145CBA2BF772A /* SystemConfiguration.framework in Frameworks */,
				4BAE3D7653D9499EB4BD6162 /* LocalAuthentication.framework in Frameworks */,
				6388D75C6FBD4EC390D8E973 /* QuartzCore.framework in Frameworks */,
				316A61891A0A4E5ABAE43433 /* CoreBluetooth.framework in Frameworks */,
				5163232F9B6C46F38642B4DB /* CoreMotion.framework in Frameworks */,
				F55DCB823BC64B0CA95CE00A /* Photos.framework in Frameworks */,
				DF3FCBA3B5954A63BFD5F45F /* AddressBook.framework in Frameworks */,
				09A86F9AA121410E933AC290 /* EventKit.framework in Frameworks */,
				0E63B497CECA44869F981EED /* Contacts.framework in Frameworks */,
				BF461FCE62184F7C8C3FC38C /* UserNotifications.framework in Frameworks */,
				E6ED60E0AC554F1B9F881C6B /* libiconv.dylib in Frameworks */,
				971B2D9C37B64EC1AF23A931 /* CoreVideo.framework in Frameworks */,
				682679C2934848A988DAC535 /* CoreImage.framework in Frameworks */,
				3B8D9F8A8D6F4AAB88A56047 /* AudioToolbox.framework in Frameworks */,
			);
			runOnlyForDeploymentPostprocessing = 0;
		};
/* End PBXFrameworksBuildPhase section */

/* Begin PBXGroup section */
		080E96DDFE201D6D7F000001 /* Classes */ = {
			isa = PBXGroup;
			children = (
				302D95EE14D2391D003F00A1 /* MainViewController.h */,
				302D95EF14D2391D003F00A1 /* MainViewController.m */,
				302D95F014D2391D003F00A1 /* MainViewController.xib */,
				1D3623240D0F684500981E51 /* AppDelegate.h */,
				1D3623250D0F684500981E51 /* AppDelegate.m */,
			);
			name = Classes;
			path = PIM/Classes;
			sourceTree = SOURCE_ROOT;
		};
		19C28FACFE9D520D11CA2CBB /* Products */ = {
			isa = PBXGroup;
			children = (
				1D6058910D05DD3D006BFB54 /* PIM.app */,
			);
			name = Products;
			sourceTree = "<group>";
		};
		29B97314FDCFA39411CA2CEA /* CustomTemplate */ = {
			isa = PBXGroup;
			children = (
				153B0D1F2023843C009DB023 /* PIM.entitlements */,
				EB87FDF41871DAF40020F90C /* config.xml */,
				EB87FDF31871DA8E0020F90C /* www */,
				EB87FDF11871DA420020F90C /* Staging */,
				301BF52D109A57CC0062928A /* CordovaLib.xcodeproj */,
				080E96DDFE201D6D7F000001 /* Classes */,
				307C750510C5A3420062BCA9 /* Plugins */,
				29B97315FDCFA39411CA2CEA /* Other Sources */,
				29B97317FDCFA39411CA2CEA /* Resources */,
				29B97323FDCFA39411CA2CEA /* Frameworks */,
				19C28FACFE9D520D11CA2CBB /* Products */,
			);
			name = CustomTemplate;
			sourceTree = "<group>";
		};
		29B97315FDCFA39411CA2CEA /* Other Sources */ = {
			isa = PBXGroup;
			children = (
				32CA4F630368D1EE00C91783 /* PIM-Prefix.pch */,
				29B97316FDCFA39411CA2CEA /* main.m */,
				ED33DF2A687741AEAF9F8254 /* Bridging-Header.h */,
			);
			name = "Other Sources";
			path = PIM;
			sourceTree = "<group>";
		};
		29B97317FDCFA39411CA2CEA /* Resources */ = {
			isa = PBXGroup;
			children = (
				0207DA571B56EA530066E2B4 /* Images.xcassets */,
				3047A50E1AB8057F00498E2A /* config */,
				8D1107310486CEB800E47090 /* PIM-Info.plist */,
				40AA42ABE7CC4336A39D5620 /* GoogleService-Info.plist */,
				F3806CF5924640D493E9B104 /* ELCAlbumPickerController.xib */,
				D74EA97A5D9F49B792B37238 /* ELCAssetPicker.xib */,
				2403E4568F424A069DFC62AA /* ELCAssetTablePicker.xib */,
				E1AA700FDF934E5796A86C67 /* Overlay.png */,
				6C88EE32CD20464689A4956E /* Overlay@2x.png */,
				138A82B29E7045CCBFE0BC0C /* CDVNotification.bundle */,
				57385B208FF84E6D820CD615 /* scannerOverlay.xib */,
			);
			name = Resources;
			path = PIM/Resources;
			sourceTree = "<group>";
		};
		29B97323FDCFA39411CA2CEA /* Frameworks */ = {
			isa = PBXGroup;
			children = (
				BAF746202F084D39A7381992 /* ImageIO.framework */,
				6B44171BD0194867959B90CD /* CoreLocation.framework */,
				CCA36FA5BB154A1B9EC9731F /* AVFoundation.framework */,
				F07A62F624444454966A4783 /* MessageUI.framework */,
				4F3FCF90C9A64754B1F98865 /* FirebaseAnalytics.framework */,
				6A151B7FBB8B4046B64CCBFE /* FirebaseCore.framework */,
				FACF1BB173E941A28C34F73E /* FirebaseCoreDiagnostics.framework */,
				BFEE4CCF14F44EA287E3146A /* FirebaseInstanceID.framework */,
				769132BC3640436D8ED4F2B6 /* FirebaseNanoPB.framework */,
				21DFB4AD2D644C34843FB40F /* GoogleToolboxForMac.framework */,
				F11F2755492D4B659CD63271 /* Protobuf.framework */,
				34E795308CBD4283BBA79CC8 /* FirebaseMessaging.framework */,
				3C184F36945C448FA7247AC3 /* FirebaseCrash.framework */,
				95CF5D7A1C7C48C9AE0B4403 /* FirebaseRemoteConfig.framework */,
				25EBACDE169C4086AB8BC1FF /* FirebaseAuth.framework */,
				2133BB0CCD61455F9C3969FF /* GTMSessionFetcher.framework */,
				163A743F31C64819BE10ED3E /* Security.framework */,
				DC4AB431BFA24376B9A464FE /* SystemConfiguration.framework */,
				F22587A98C1B468895A65361 /* LocalAuthentication.framework */,
				00987AA8C0D84BD3A502B68C /* QuartzCore.framework */,
				CC1B0A4F42284088BF55EB0D /* CoreBluetooth.framework */,
				AE2DFDDB730042FC84EC2CFC /* CoreMotion.framework */,
				7A299A4004C6438F98B0EA0F /* Photos.framework */,
				FDB44423902C45E19582DC85 /* AddressBook.framework */,
				55FB7C068CA04CB49F57A94E /* EventKit.framework */,
				7B948C54C02A48AFBA1FCE33 /* Contacts.framework */,
				54B6B74BC59E405B8CBBC661 /* UserNotifications.framework */,
				66DA4CE0B98948FE8AF6FD9A /* libiconv.dylib */,
				AC7DB61F5FCF4FB99D67D9E9 /* CoreVideo.framework */,
				A51D2901E2E44E0BB0A5038F /* CoreImage.framework */,
				8ADF4FEB49274B2EBC96B262 /* AudioToolbox.framework */,
			);
			name = Frameworks;
			sourceTree = "<group>";
		};
		301BF52E109A57CC0062928A /* Products */ = {
			isa = PBXGroup;
			children = (
				301BF535109A57CC0062928A /* libCordova.a */,
			);
			name = Products;
			sourceTree = "<group>";
		};
		3047A50E1AB8057F00498E2A /* config */ = {
			isa = PBXGroup;
			children = (
				3047A50F1AB8059700498E2A /* build-debug.xcconfig */,
				3047A5101AB8059700498E2A /* build-release.xcconfig */,
				3047A5111AB8059700498E2A /* build.xcconfig */,
			);
			name = config;
			sourceTree = "<group>";
		};
		307C750510C5A3420062BCA9 /* Plugins */ = {
			isa = PBXGroup;
			children = (
				EF571B476B774ACCBBA4D588 /* CDVLogger.m */,
				A41B61D1B9D84B98803AF4B7 /* CDVLogger.h */,
				9F193FD2577D4AEA96E8C820 /* CDVDevice.m */,
				0EE0FB26A3414391A29B8CE0 /* CDVDevice.h */,
				F6A67A97A2934A8B9AE19792 /* CDVSplashScreen.m */,
				D3786A1CA47245A8B7572765 /* CDVViewController+SplashScreen.m */,
				FE199E5DF7B34C96BF7F8D57 /* CDVSplashScreen.h */,
				E3CA4EF7AD1B4A0B8296C548 /* CDVViewController+SplashScreen.h */,
				26E0AFFBEE3D4660A9924026 /* IonicKeyboard.m */,
				0854906549384110A5E305AC /* IonicKeyboard.h */,
				C5FE2B1951A640CC9619A7F6 /* CDVClipboard.m */,
				3AF989477145444EB39E60AC /* CDVClipboard.h */,
				4A02BBDC31874848BA29F238 /* NativeSettings.m */,
				0A7D021C8930463C8A7BB212 /* NativeSettings.h */,
				E194B01B01F844998B3A2398 /* CDVFile.m */,
				C8E89F26F9614D519BB18F8B /* CDVLocalFilesystem.m */,
				9E581234E1AC4626B6510663 /* CDVAssetLibraryFilesystem.m */,
				0697E3ACEB8D481AB377104A /* CDVFile.h */,
				781903AF20064BB3AD8CBDBA /* CDVLocalFilesystem.h */,
				7B1E808814144375A18D4503 /* CDVAssetLibraryFilesystem.h */,
				42116CC258744863AEFA65EF /* AppDelegate+FirebasePlugin.m */,
				56BB947CCB5C40B8AE6DD189 /* FirebasePlugin.m */,
				C6D06AC44978418982DDEC80 /* AppDelegate+FirebasePlugin.h */,
				4CC01FCDF3A64AD09D561FD1 /* FirebasePlugin.h */,
				ECC7D00D2A03436EB2FE504D /* Firebase.h */,
				4308787B8DA34BEF84C1FB81 /* TouchID.m */,
				65A6E039F6E548B09B3DFC74 /* TouchID.h */,
				D51CADD3BEED43BD9C2501D1 /* CordovaHttpPlugin.m */,
				03D38DD468A8483984966D3B /* TextResponseSerializer.m */,
				D0C15255D37141F68A76D165 /* AFHTTPSessionManager.m */,
				3F7C9C7DC84C435393DBA4EC /* AFNetworkReachabilityManager.m */,
				DD87CF8E25E4405D918CC36C /* AFSecurityPolicy.m */,
				1F1C9B38844349FE99ACEAF0 /* AFURLRequestSerialization.m */,
				807A4CFF2488495FBCE47D71 /* AFURLResponseSerialization.m */,
				A52978F187D3490BA73F4A32 /* AFURLSessionManager.m */,
				718465A79B104162AA92C6EC /* CordovaHttpPlugin.h */,
				C790E26D5576417B96624455 /* TextResponseSerializer.h */,
				F4E4BF2AD6894C49875DDCE1 /* AFHTTPSessionManager.h */,
				4B26C3266A834E8181A83A4C /* AFNetworking.h */,
				5C935C1701BC4C42BEF625D4 /* AFNetworkReachabilityManager.h */,
				E2A2824E18A844CAA4FC1B7D /* AFSecurityPolicy.h */,
				21F0BE20A79A4AAF8728E02F /* AFURLRequestSerialization.h */,
				81EDBC57D4DF4809A3BAE8C1 /* AFURLResponseSerialization.h */,
				EBEC4E492D0147388BE90E37 /* AFURLSessionManager.h */,
				4413C967A78D4CE39DB0E3A6 /* CDVStatusBar.m */,
				CF9223B347874CE99F493AB3 /* CDVStatusBar.h */,
				E6236B2381F546C59D1F86D6 /* AppAvailability.m */,
				7349B3688ED745B88C26403D /* AppAvailability.h */,
				61EC3050951541F1A4AF1015 /* Launcher.m */,
				73D791C09E214613BAA7D0B4 /* Launcher.h */,
				9B3C8E49713A4BA9BD85FC77 /* UIImage+CropScaleOrientation.m */,
				7A7FA359B351457DB45C45B1 /* CDVCamera.m */,
				9F91F2924DF44280B3B8A79F /* CDVJpegHeaderWriter.m */,
				3F848E3A2ED5471E989FC237 /* UIImage+CropScaleOrientation.h */,
				5E7A2ED8F8C7460BAA4D2798 /* CDVCamera.h */,
				B1091C3997E841838119AA47 /* CDVJpegHeaderWriter.h */,
				4EB57F4453974B80A15573F1 /* CDVExif.h */,
				E39806DBD456403A84B81885 /* APPEmailComposer.m */,
				366F256A35A64DE9845039B1 /* APPEmailComposerImpl.m */,
				05AD435ECBF64A2C80BB6805 /* APPEmailComposer.h */,
				EC442710571B4578BE321ABD /* APPEmailComposerImpl.h */,
				0EECFF6D0A0E45A7A99CBFA3 /* FileOpener2.m */,
				57BDD933894249109BB7D791 /* FileOpener2.h */,
				6B3EB2FE88D24C8389AC68A1 /* CDVLocation.m */,
				42F08BA9EC49454987F0B2C6 /* CDVLocation.h */,
				EDEF21603A8E4BF8881B1B56 /* SOSPicker.m */,
				DA183BFDEAE64AA0824969F0 /* ELCAlbumPickerController.m */,
				C3DBD8A0F750458ABCB3F399 /* ELCAsset.m */,
				6C7F0D42F7284FEFB5CB109D /* ELCAssetCell.m */,
				33DFD97384694A5BACF747D7 /* ELCAssetTablePicker.m */,
				3BA778E618004F00A01086E9 /* ELCImagePickerController.m */,
				B8945F303FFA4244878A9A2C /* SOSPicker.h */,
				2A758A5EBA8C49689B6538B9 /* ELCAlbumPickerController.h */,
				7773DAA5CB824353B0DA9742 /* ELCAsset.h */,
				75F7BA8FFB1D4C7591C79F43 /* ELCAssetCell.h */,
				2B94C21CDCD741B4B1AE908C /* ELCAssetPickerFilterDelegate.h */,
				BEA0209D21AC4E38B0F5F692 /* ELCAssetSelectionDelegate.h */,
				0DB469D6FFE74739B6F2F5C6 /* ELCAssetTablePicker.h */,
				ED224D048D854D7DB4B25644 /* ELCImagePickerController.h */,
				0ED751E2BC0A4BBEB816B40F /* CDVInAppBrowser.m */,
				63FE37C171EB498C98662F05 /* CDVInAppBrowser.h */,
				2546BF9CAD6F4628B40A1F85 /* SaveImage.m */,
				B62DE84A161842499B7AD478 /* SaveImage.h */,
				BD3EB950973B45FCB319D0B5 /* Toast+UIView.m */,
				096F6BDB11354785ADFEE2B3 /* Toast.m */,
				EC86998D0410425B8821BC55 /* Toast+UIView.h */,
				B1403DC864C646BE981E4EED /* Toast.h */,
				D139FD3029274906B1B2389C /* CDVFileTransfer.m */,
				8B5F2AACD6CC417A8519F056 /* CDVFileTransfer.h */,
				F966933B926A4F499315F613 /* CDVNotification.m */,
				DDC250527B2944AC955FC679 /* CDVNotification.h */,
				1FCA95A1451E4552940F44FF /* CDVVibration.m */,
				399E411FE07F4D1180073DB8 /* CDVVibration.h */,
				46F18F6C4BAA492EA54876F0 /* AppVersion.m */,
				BF94A074016C4922A2AC6C62 /* AppVersion.h */,
				47A797F3731F4935B0176F49 /* Diagnostic.m */,
				EF55E8589C454009AF6D6006 /* Diagnostic.h */,
				4363F907D76D43049DEC5B82 /* APPBadge.m */,
				26E0469E887743A8A22FE0AF /* APPBadge.h */,
				EE79B72080894F75838B8A8A /* CDVBarcodeScanner.mm */,
				D4FA4DF6C28140C2879786B7 /* zxing-all-in-one.cpp */,
				BDA428712BDA4525B9474F27 /* zxing-all-in-one.h */,
			);
			name = Plugins;
			path = PIM/Plugins;
			sourceTree = SOURCE_ROOT;
		};
		EB87FDF11871DA420020F90C /* Staging */ = {
			isa = PBXGroup;
			children = (
				F840E1F0165FE0F500CFE078 /* config.xml */,
				301BF56E109A69640062928A /* www */,
			);
			name = Staging;
			sourceTree = "<group>";
		};
/* End PBXGroup section */

/* Begin PBXNativeTarget section */
		1D6058900D05DD3D006BFB54 /* PIM */ = {
			isa = PBXNativeTarget;
			buildConfigurationList = 1D6058960D05DD3E006BFB54 /* Build configuration list for PBXNativeTarget "PIM" */;
			buildPhases = (
				304B58A110DAC018002A0835 /* Copy www directory */,
				1D60588D0D05DD3D006BFB54 /* Resources */,
				1D60588E0D05DD3D006BFB54 /* Sources */,
				1D60588F0D05DD3D006BFB54 /* Frameworks */,
			);
			buildRules = (
			);
			dependencies = (
				301BF551109A68C00062928A /* PBXTargetDependency */,
			);
			name = PIM;
			productName = PIM;
			productReference = 1D6058910D05DD3D006BFB54 /* PIM.app */;
			productType = "com.apple.product-type.application";
		};
/* End PBXNativeTarget section */

/* Begin PBXProject section */
		29B97313FDCFA39411CA2CEA /* Project object */ = {
			isa = PBXProject;
			attributes = {
				LastUpgradeCheck = 510;
				TargetAttributes = {
					1D6058900D05DD3D006BFB54 = {
						DevelopmentTeam = WNL2LMN7WB;
						ProvisioningStyle = Automatic;
						SystemCapabilities = {
							com.apple.Push = {
								enabled = 1;
							};
						};
					};
				};
			};
			buildConfigurationList = C01FCF4E08A954540054247B /* Build configuration list for PBXProject "PIM" */;
			compatibilityVersion = "Xcode 3.2";
			developmentRegion = English;
			hasScannedForEncodings = 1;
			knownRegions = (
				en,
			);
			mainGroup = 29B97314FDCFA39411CA2CEA /* CustomTemplate */;
			projectDirPath = "";
			projectReferences = (
				{
					ProductGroup = 301BF52E109A57CC0062928A /* Products */;
					ProjectRef = 301BF52D109A57CC0062928A /* CordovaLib.xcodeproj */;
				},
			);
			projectRoot = "";
			targets = (
				1D6058900D05DD3D006BFB54 /* PIM */,
			);
		};
/* End PBXProject section */

/* Begin PBXReferenceProxy section */
		301BF535109A57CC0062928A /* libCordova.a */ = {
			isa = PBXReferenceProxy;
			fileType = archive.ar;
			path = libCordova.a;
			remoteRef = 301BF534109A57CC0062928A /* PBXContainerItemProxy */;
			sourceTree = BUILT_PRODUCTS_DIR;
		};
/* End PBXReferenceProxy section */

/* Begin PBXResourcesBuildPhase section */
		1D60588D0D05DD3D006BFB54 /* Resources */ = {
			isa = PBXResourcesBuildPhase;
			buildActionMask = 2147483647;
			files = (
				302D95F214D2391D003F00A1 /* MainViewController.xib in Resources */,
				3047A5131AB8059700498E2A /* build-release.xcconfig in Resources */,
				3047A5141AB8059700498E2A /* build.xcconfig in Resources */,
				0207DA581B56EA530066E2B4 /* Images.xcassets in Resources */,
				3047A5121AB8059700498E2A /* build-debug.xcconfig in Resources */,
				E151BE918121438FA7DDC57B /* GoogleService-Info.plist in Resources */,
				32103B04A0474B1CACD9B36A /* ELCAlbumPickerController.xib in Resources */,
				3C223DBC39E94BF788B75A26 /* ELCAssetPicker.xib in Resources */,
				3AE59CF96F024A2B82964DCF /* ELCAssetTablePicker.xib in Resources */,
				4D037336483A4BE5AB06F19E /* Overlay.png in Resources */,
				21F7198A60FD48B79537FBFB /* Overlay@2x.png in Resources */,
				FAD34CDEFB104EFD81C8EBC2 /* CDVNotification.bundle in Resources */,
				96EEAC89E5874E57B964F1A8 /* scannerOverlay.xib in Resources */,
			);
			runOnlyForDeploymentPostprocessing = 0;
		};
/* End PBXResourcesBuildPhase section */

/* Begin PBXShellScriptBuildPhase section */
		304B58A110DAC018002A0835 /* Copy www directory */ = {
			isa = PBXShellScriptBuildPhase;
			buildActionMask = 2147483647;
			files = (
			);
			inputPaths = (
			);
			name = "Copy www directory";
			outputPaths = (
			);
			runOnlyForDeploymentPostprocessing = 0;
			shellPath = /bin/sh;
			shellScript = "NODEJS_PATH=/usr/local/bin; NVM_NODE_PATH=~/.nvm/versions/node/`nvm version 2>/dev/null`/bin; N_NODE_PATH=`find /usr/local/n/versions/node/* -maxdepth 0 -type d 2>/dev/null | tail -1`/bin; XCODE_NODE_PATH=`xcode-select --print-path`/usr/share/xcs/Node/bin; PATH=$NODEJS_PATH:$NVM_NODE_PATH:$N_NODE_PATH:$XCODE_NODE_PATH:$PATH && node cordova/lib/copy-www-build-step.js";
			showEnvVarsInLog = 0;
		};
/* End PBXShellScriptBuildPhase section */

/* Begin PBXSourcesBuildPhase section */
		1D60588E0D05DD3D006BFB54 /* Sources */ = {
			isa = PBXSourcesBuildPhase;
			buildActionMask = 2147483647;
			files = (
				1D60589B0D05DD56006BFB54 /* main.m in Sources */,
				1D3623260D0F684500981E51 /* AppDelegate.m in Sources */,
				302D95F114D2391D003F00A1 /* MainViewController.m in Sources */,
				4303172DFB4C4791AF97B777 /* CDVLogger.m in Sources */,
				33206A92CB554FEA9B718088 /* CDVDevice.m in Sources */,
				1239C06E61D64A6E9FCCC8F9 /* CDVSplashScreen.m in Sources */,
				C09488A7F1D54816B041C9D2 /* CDVViewController+SplashScreen.m in Sources */,
				B582004CDEC34BF68B690F73 /* IonicKeyboard.m in Sources */,
				524080A5403449B485E1FBC9 /* CDVClipboard.m in Sources */,
				01077AD1920647D5B7D6EB0C /* NativeSettings.m in Sources */,
				85BF841799B24C7BB783314A /* CDVFile.m in Sources */,
				FAC38D05518D4ED7A046D194 /* CDVLocalFilesystem.m in Sources */,
				C0EC42F1D67D45029054C675 /* CDVAssetLibraryFilesystem.m in Sources */,
				527C9408809B4BEB94C03CFD /* AppDelegate+FirebasePlugin.m in Sources */,
				9B5888E0C2044FE3A7C58B0C /* FirebasePlugin.m in Sources */,
				FB145393817B4780867A488F /* TouchID.m in Sources */,
				D00FEC13953C43AEB3E9E590 /* CordovaHttpPlugin.m in Sources */,
				FFD638BB6EC44353803E1FF3 /* TextResponseSerializer.m in Sources */,
				71E57B40858D44DDB2EEC73E /* AFHTTPSessionManager.m in Sources */,
				DE690B6EB11E41128A53732D /* AFNetworkReachabilityManager.m in Sources */,
				6B5ABF3A68F442919B87E3CC /* AFSecurityPolicy.m in Sources */,
				E58C4676D040476FBF7F2FFB /* AFURLRequestSerialization.m in Sources */,
				24C83626CB9B42E0808798E2 /* AFURLResponseSerialization.m in Sources */,
				F7164F085F9C4A02BDB6F462 /* AFURLSessionManager.m in Sources */,
				AFD1727EE3884F1DA35BE4CE /* CDVStatusBar.m in Sources */,
				7ED8D55524004760AA0D3B45 /* AppAvailability.m in Sources */,
				277B57B1B17E41AC9441AEEC /* Launcher.m in Sources */,
				E35058191A694BB9B7F12815 /* UIImage+CropScaleOrientation.m in Sources */,
				845ABA4388D644C0A6EAE116 /* CDVCamera.m in Sources */,
				9ABE9B3912F14CD0BBE333BB /* CDVJpegHeaderWriter.m in Sources */,
				8CAECD075CD94CC59E564662 /* APPEmailComposer.m in Sources */,
				5BB914F6BF59492AB99B4819 /* APPEmailComposerImpl.m in Sources */,
				C577C5A8424642E39F0B6082 /* FileOpener2.m in Sources */,
				7DF47148F2BC465387D49B42 /* CDVLocation.m in Sources */,
				CBBF104C7B2E40A4953D8A41 /* SOSPicker.m in Sources */,
				F17C635BF16F406BB441FF85 /* ELCAlbumPickerController.m in Sources */,
				72078426A241429DB09A62DD /* ELCAsset.m in Sources */,
				A5BDF70BA15844F281E470DB /* ELCAssetCell.m in Sources */,
				6AA0A86EC2BF4EAA85B668D1 /* ELCAssetTablePicker.m in Sources */,
				E1954DF00B0E46368F3891BD /* ELCImagePickerController.m in Sources */,
				C9F47B43F34944939DCF8FFD /* CDVInAppBrowser.m in Sources */,
				CA8694E256F948BEB3B15C78 /* SaveImage.m in Sources */,
				621DA6EC56EF44AD8E2A5B75 /* Toast+UIView.m in Sources */,
				1300357484C44B128AC37169 /* Toast.m in Sources */,
				CBBE921E40124C9EBD8460CE /* CDVFileTransfer.m in Sources */,
				ADDBA1C456034536B11827F4 /* CDVNotification.m in Sources */,
				9E0777122F814769877089B1 /* CDVVibration.m in Sources */,
				EF689BB940464560BAF08D6F /* AppVersion.m in Sources */,
				44169F13A224454E81E9889A /* Diagnostic.m in Sources */,
				02EAB620C9954C08B3E19677 /* APPBadge.m in Sources */,
				BE914BB46D4D491C852F8F2A /* CDVBarcodeScanner.mm in Sources */,
				53F263FB1C45415982AB2C50 /* zxing-all-in-one.cpp in Sources */,
			);
			runOnlyForDeploymentPostprocessing = 0;
		};
/* End PBXSourcesBuildPhase section */

/* Begin PBXTargetDependency section */
		301BF551109A68C00062928A /* PBXTargetDependency */ = {
			isa = PBXTargetDependency;
			name = CordovaLib;
			targetProxy = 301BF550109A68C00062928A /* PBXContainerItemProxy */;
		};
/* End PBXTargetDependency section */

/* Begin XCBuildConfiguration section */
		1D6058940D05DD3E006BFB54 /* Debug */ = {
			isa = XCBuildConfiguration;
			baseConfigurationReference = 3047A50F1AB8059700498E2A /* build-debug.xcconfig */;
			buildSettings = {
				ALWAYS_SEARCH_USER_PATHS = NO;
				ASSETCATALOG_COMPILER_APPICON_NAME = AppIcon;
				ASSETCATALOG_COMPILER_LAUNCHIMAGE_NAME = LaunchImage;
				CLANG_ENABLE_MODULES = YES;
				CLANG_ENABLE_OBJC_ARC = YES;
				CODE_SIGN_ENTITLEMENTS = PIM/PIM.entitlements;
				"CODE_SIGN_IDENTITY[sdk=iphoneos*]" = "iPhone Developer";
				CODE_SIGN_STYLE = Automatic;
				COPY_PHASE_STRIP = NO;
				DEVELOPMENT_TEAM = WNL2LMN7WB;
				FRAMEWORK_SEARCH_PATHS = (
					"$(inherited)",
					"\"PIM/Plugins/cordova-plugin-firebase\"",
					"\"PIM/Plugins/cordova-plugin-firebase\"",
					"\"PIM/Plugins/cordova-plugin-firebase\"",
					"\"PIM/Plugins/cordova-plugin-firebase\"",
					"\"PIM/Plugins/cordova-plugin-firebase\"",
					"\"PIM/Plugins/cordova-plugin-firebase\"",
					"\"PIM/Plugins/cordova-plugin-firebase\"",
					"\"PIM/Plugins/cordova-plugin-firebase\"",
					"\"PIM/Plugins/cordova-plugin-firebase\"",
					"\"PIM/Plugins/cordova-plugin-firebase\"",
					"\"PIM/Plugins/cordova-plugin-firebase\"",
					"\"PIM/Plugins/cordova-plugin-firebase\"",
				);
				GCC_DYNAMIC_NO_PIC = NO;
				GCC_OPTIMIZATION_LEVEL = 0;
				GCC_PRECOMPILE_PREFIX_HEADER = YES;
				GCC_PREFIX_HEADER = "PIM/PIM-Prefix.pch";
				GCC_THUMB_SUPPORT = NO;
				GCC_VERSION = "";
				INFOPLIST_FILE = "PIM/PIM-Info.plist";
				LD_RUNPATH_SEARCH_PATHS = "@executable_path/Frameworks";
				PRODUCT_NAME = PIM;
				PROVISIONING_PROFILE = "";
				PROVISIONING_PROFILE_SPECIFIER = "";
				TARGETED_DEVICE_FAMILY = 1;
			};
			name = Debug;
		};
		1D6058950D05DD3E006BFB54 /* Release */ = {
			isa = XCBuildConfiguration;
			baseConfigurationReference = 3047A5101AB8059700498E2A /* build-release.xcconfig */;
			buildSettings = {
				ALWAYS_SEARCH_USER_PATHS = NO;
				ASSETCATALOG_COMPILER_APPICON_NAME = AppIcon;
				ASSETCATALOG_COMPILER_LAUNCHIMAGE_NAME = LaunchImage;
				CLANG_ENABLE_MODULES = YES;
				CLANG_ENABLE_OBJC_ARC = YES;
				CODE_SIGN_ENTITLEMENTS = PIM/PIM.entitlements;
				"CODE_SIGN_IDENTITY[sdk=iphoneos*]" = "iPhone Developer";
				CODE_SIGN_STYLE = Automatic;
				COPY_PHASE_STRIP = YES;
				DEVELOPMENT_TEAM = WNL2LMN7WB;
				FRAMEWORK_SEARCH_PATHS = (
					"$(inherited)",
					"\"PIM/Plugins/cordova-plugin-firebase\"",
					"\"PIM/Plugins/cordova-plugin-firebase\"",
					"\"PIM/Plugins/cordova-plugin-firebase\"",
					"\"PIM/Plugins/cordova-plugin-firebase\"",
					"\"PIM/Plugins/cordova-plugin-firebase\"",
					"\"PIM/Plugins/cordova-plugin-firebase\"",
					"\"PIM/Plugins/cordova-plugin-firebase\"",
					"\"PIM/Plugins/cordova-plugin-firebase\"",
					"\"PIM/Plugins/cordova-plugin-firebase\"",
					"\"PIM/Plugins/cordova-plugin-firebase\"",
					"\"PIM/Plugins/cordova-plugin-firebase\"",
					"\"PIM/Plugins/cordova-plugin-firebase\"",
				);
				GCC_PRECOMPILE_PREFIX_HEADER = YES;
				GCC_PREFIX_HEADER = "PIM/PIM-Prefix.pch";
				GCC_THUMB_SUPPORT = NO;
				GCC_VERSION = "";
				INFOPLIST_FILE = "PIM/PIM-Info.plist";
				PRODUCT_NAME = PIM;
				PROVISIONING_PROFILE = "";
				PROVISIONING_PROFILE_SPECIFIER = "";
				TARGETED_DEVICE_FAMILY = 1;
			};
			name = Release;
		};
		C01FCF4F08A954540054247B /* Debug */ = {
			isa = XCBuildConfiguration;
			baseConfigurationReference = 3047A5111AB8059700498E2A /* build.xcconfig */;
			buildSettings = {
				CLANG_ENABLE_MODULES = YES;
				CLANG_ENABLE_OBJC_ARC = YES;
				CLANG_WARN_BOOL_CONVERSION = YES;
				CLANG_WARN_CONSTANT_CONVERSION = YES;
				CLANG_WARN_EMPTY_BODY = YES;
				CLANG_WARN_ENUM_CONVERSION = YES;
				CLANG_WARN_INT_CONVERSION = YES;
				CLANG_WARN__DUPLICATE_METHOD_MATCH = YES;
				FRAMEWORK_SEARCH_PATHS = (
					"$(inherited)",
					"\"PIM/Plugins/cordova-plugin-firebase\"",
					"\"PIM/Plugins/cordova-plugin-firebase\"",
					"\"PIM/Plugins/cordova-plugin-firebase\"",
					"\"PIM/Plugins/cordova-plugin-firebase\"",
					"\"PIM/Plugins/cordova-plugin-firebase\"",
					"\"PIM/Plugins/cordova-plugin-firebase\"",
					"\"PIM/Plugins/cordova-plugin-firebase\"",
					"\"PIM/Plugins/cordova-plugin-firebase\"",
					"\"PIM/Plugins/cordova-plugin-firebase\"",
					"\"PIM/Plugins/cordova-plugin-firebase\"",
					"\"PIM/Plugins/cordova-plugin-firebase\"",
					"\"PIM/Plugins/cordova-plugin-firebase\"",
				);
				GCC_C_LANGUAGE_STANDARD = c99;
				GCC_THUMB_SUPPORT = NO;
				GCC_VERSION = "";
				GCC_WARN_ABOUT_RETURN_TYPE = YES;
				GCC_WARN_UNDECLARED_SELECTOR = YES;
				GCC_WARN_UNINITIALIZED_AUTOS = YES;
				GCC_WARN_UNUSED_FUNCTION = YES;
				GCC_WARN_UNUSED_VARIABLE = YES;
				ONLY_ACTIVE_ARCH = YES;
				PRODUCT_NAME = PIM;
				SDKROOT = iphoneos;
				SKIP_INSTALL = NO;
			};
			name = Debug;
		};
		C01FCF5008A954540054247B /* Release */ = {
			isa = XCBuildConfiguration;
			baseConfigurationReference = 3047A5111AB8059700498E2A /* build.xcconfig */;
			buildSettings = {
				CLANG_ENABLE_MODULES = YES;
				CLANG_ENABLE_OBJC_ARC = YES;
				CLANG_WARN_BOOL_CONVERSION = YES;
				CLANG_WARN_CONSTANT_CONVERSION = YES;
				CLANG_WARN_EMPTY_BODY = YES;
				CLANG_WARN_ENUM_CONVERSION = YES;
				CLANG_WARN_INT_CONVERSION = YES;
				CLANG_WARN__DUPLICATE_METHOD_MATCH = YES;
				FRAMEWORK_SEARCH_PATHS = (
					"$(inherited)",
					"\"PIM/Plugins/cordova-plugin-firebase\"",
					"\"PIM/Plugins/cordova-plugin-firebase\"",
					"\"PIM/Plugins/cordova-plugin-firebase\"",
					"\"PIM/Plugins/cordova-plugin-firebase\"",
					"\"PIM/Plugins/cordova-plugin-firebase\"",
					"\"PIM/Plugins/cordova-plugin-firebase\"",
					"\"PIM/Plugins/cordova-plugin-firebase\"",
					"\"PIM/Plugins/cordova-plugin-firebase\"",
					"\"PIM/Plugins/cordova-plugin-firebase\"",
					"\"PIM/Plugins/cordova-plugin-firebase\"",
					"\"PIM/Plugins/cordova-plugin-firebase\"",
					"\"PIM/Plugins/cordova-plugin-firebase\"",
				);
				GCC_C_LANGUAGE_STANDARD = c99;
				GCC_THUMB_SUPPORT = NO;
				GCC_VERSION = "";
				GCC_WARN_ABOUT_RETURN_TYPE = YES;
				GCC_WARN_UNDECLARED_SELECTOR = YES;
				GCC_WARN_UNINITIALIZED_AUTOS = YES;
				GCC_WARN_UNUSED_FUNCTION = YES;
				GCC_WARN_UNUSED_VARIABLE = YES;
				PRODUCT_NAME = PIM;
				SDKROOT = iphoneos;
				SKIP_INSTALL = NO;
			};
			name = Release;
		};
/* End XCBuildConfiguration section */

/* Begin XCConfigurationList section */
		1D6058960D05DD3E006BFB54 /* Build configuration list for PBXNativeTarget "PIM" */ = {
			isa = XCConfigurationList;
			buildConfigurations = (
				1D6058940D05DD3E006BFB54 /* Debug */,
				1D6058950D05DD3E006BFB54 /* Release */,
			);
			defaultConfigurationIsVisible = 0;
			defaultConfigurationName = Release;
		};
		C01FCF4E08A954540054247B /* Build configuration list for PBXProject "PIM" */ = {
			isa = XCConfigurationList;
			buildConfigurations = (
				C01FCF4F08A954540054247B /* Debug */,
				C01FCF5008A954540054247B /* Release */,
			);
			defaultConfigurationIsVisible = 0;
			defaultConfigurationName = Release;
		};
/* End XCConfigurationList section */
	};
	rootObject = 29B97313FDCFA39411CA2CEA /* Project object */;
}
